[[package]]
name = "attrs"
version = "22.1.0"
description = "Classes Without Boilerplate"
category = "dev"
optional = false
python-versions = ">=3.5"

[package.extras]
dev = ["cloudpickle", "coverage[toml] (>=5.0.2)", "furo", "hypothesis", "mypy (>=0.900,!=0.940)", "pre-commit", "pympler", "pytest (>=4.3.0)", "pytest-mypy-plugins", "sphinx", "sphinx-notfound-page", "zope.interface"]
docs = ["furo", "sphinx", "sphinx-notfound-page", "zope.interface"]
tests = ["cloudpickle", "coverage[toml] (>=5.0.2)", "hypothesis", "mypy (>=0.900,!=0.940)", "pympler", "pytest (>=4.3.0)", "pytest-mypy-plugins", "zope.interface"]
tests-no-zope = ["cloudpickle", "coverage[toml] (>=5.0.2)", "hypothesis", "mypy (>=0.900,!=0.940)", "pympler", "pytest (>=4.3.0)", "pytest-mypy-plugins"]

[[package]]
name = "click"
version = "8.1.3"
description = "Composable command line interface toolkit"
category = "main"
optional = false
python-versions = ">=3.7"

[package.dependencies]
colorama = {version = "*", markers = "platform_system == \"Windows\""}

[[package]]
name = "colorama"
version = "0.4.6"
description = "Cross-platform colored terminal text."
category = "main"
optional = false
python-versions = "!=3.0.*,!=3.1.*,!=3.2.*,!=3.3.*,!=3.4.*,!=3.5.*,!=3.6.*,>=2.7"

[[package]]
name = "coverage"
version = "6.5.0"
description = "Code coverage measurement for Python"
category = "dev"
optional = false
python-versions = ">=3.7"

[package.dependencies]
tomli = {version = "*", optional = true, markers = "python_full_version <= \"3.11.0a6\" and extra == \"toml\""}

[package.extras]
toml = ["tomli"]

[[package]]
name = "cprotobuf"
version = "0.1.11"
description = "pythonic and high performance protocol buffer implementation."
category = "main"
optional = false
python-versions = "*"

[[package]]
name = "hexbytes"
version = "0.3.0"
description = "hexbytes: Python `bytes` subclass that decodes hex, with a readable console output"
category = "main"
optional = false
python-versions = ">=3.7, <4"

[package.extras]
dev = ["Sphinx (>=4.0.0,<5)", "black (>=22,<23)", "bumpversion (>=0.5.3,<1)", "eth-utils (>=1.0.1,<3)", "flake8 (==3.7.9)", "hypothesis (>=3.44.24,<=6.31.6)", "ipython", "isort (>=4.2.15,<5)", "mypy (==0.971)", "pydocstyle (>=5.0.0,<6)", "pytest (>=7,<8)", "pytest-watch (>=4.1.0,<5)", "pytest-xdist", "sphinx-rtd-theme (>=0.1.9,<1)", "towncrier (>=21,<22)", "tox (>=3.25.1,<4)", "twine", "wheel"]
doc = ["Sphinx (>=4.0.0,<5)", "sphinx-rtd-theme (>=0.1.9,<1)", "towncrier (>=21,<22)"]
lint = ["black (>=22,<23)", "flake8 (==3.7.9)", "isort (>=4.2.15,<5)", "mypy (==0.971)", "pydocstyle (>=5.0.0,<6)"]
test = ["eth-utils (>=1.0.1,<3)", "hypothesis (>=3.44.24,<=6.31.6)", "pytest (>=7,<8)", "pytest-xdist", "tox (>=3.25.1,<4)"]

[[package]]
name = "iniconfig"
version = "1.1.1"
description = "iniconfig: brain-dead simple config-ini parsing"
category = "dev"
optional = false
python-versions = "*"

[[package]]
name = "lz4"
version = "4.0.2"
description = "LZ4 Bindings for Python"
category = "main"
optional = false
python-versions = ">=3.7"

[package.extras]
docs = ["sphinx (>=1.6.0)", "sphinx-bootstrap-theme"]
flake8 = ["flake8"]
tests = ["psutil", "pytest (!=3.3.0)", "pytest-cov"]

[[package]]
name = "packaging"
version = "21.3"
description = "Core utilities for Python packages"
category = "dev"
optional = false
python-versions = ">=3.6"

[package.dependencies]
pyparsing = ">=2.0.2,<3.0.5 || >3.0.5"

[[package]]
name = "pluggy"
version = "1.0.0"
description = "plugin and hook calling mechanisms for python"
category = "dev"
optional = false
python-versions = ">=3.6"

[package.extras]
dev = ["pre-commit", "tox"]
testing = ["pytest", "pytest-benchmark"]

[[package]]
name = "plyvel"
version = "1.5.0"
description = "Plyvel, a fast and feature-rich Python interface to LevelDB"
category = "dev"
optional = false
python-versions = "*"

[[package]]
name = "py"
version = "1.11.0"
description = "library with cross-python path, ini-parsing, io, code, log facilities"
category = "dev"
optional = false
python-versions = ">=2.7, !=3.0.*, !=3.1.*, !=3.2.*, !=3.3.*, !=3.4.*"

[[package]]
name = "pyparsing"
version = "3.0.9"
description = "pyparsing module - Classes and methods to define and execute parsing grammars"
category = "dev"
optional = false
python-versions = ">=3.6.8"

[package.extras]
diagrams = ["jinja2", "railroad-diagrams"]

[[package]]
name = "pytest"
version = "7.1.3"
description = "pytest: simple powerful testing with Python"
category = "dev"
optional = false
python-versions = ">=3.7"

[package.dependencies]
attrs = ">=19.2.0"
colorama = {version = "*", markers = "sys_platform == \"win32\""}
iniconfig = "*"
packaging = "*"
pluggy = ">=0.12,<2.0"
py = ">=1.8.2"
tomli = ">=1.0.0"

[package.extras]
testing = ["argcomplete", "hypothesis (>=3.56)", "mock", "nose", "pygments (>=2.7.2)", "requests", "xmlschema"]

[[package]]
name = "pytest-cov"
version = "4.0.0"
description = "Pytest plugin for measuring coverage."
category = "dev"
optional = false
python-versions = ">=3.6"

[package.dependencies]
coverage = {version = ">=5.2.1", extras = ["toml"]}
pytest = ">=4.6"

[package.extras]
testing = ["fields", "hunter", "process-tests", "pytest-xdist", "six", "virtualenv"]

[[package]]
name = "python-snappy"
version = "0.6.1"
description = "Python library for the snappy compression library from Google"
category = "main"
optional = false
python-versions = "*"

[[package]]
name = "pyzstd"
version = "0.15.3"
description = "Python bindings to Zstandard (zstd) compression library, the API is similar to Python's bz2/lzma/zlib modules."
category = "main"
optional = false
python-versions = ">=3.5"

[[package]]
name = "rocksdb"
version = "0.9.1"
description = ""
category = "dev"
optional = false
python-versions = "*"
develop = false

[package.dependencies]
setuptools = ">=25"

[package.extras]
doc = ["sphinx", "sphinx_rtd_theme"]
test = ["pytest"]

[package.source]
type = "git"
url = "https://github.com/HathorNetwork/python-rocksdb.git"
reference = "master"
resolved_reference = "947f68a80d97c4a5621ee681ae01602ebd883f3a"

[[package]]
name = "setuptools"
version = "65.5.0"
description = "Easily download, build, install, upgrade, and uninstall Python packages"
category = "dev"
optional = false
python-versions = ">=3.7"

[package.extras]
docs = ["furo", "jaraco.packaging (>=9)", "jaraco.tidelift (>=1.4)", "pygments-github-lexers (==0.0.5)", "rst.linker (>=1.9)", "sphinx (>=3.5)", "sphinx-favicon", "sphinx-hoverxref (<2)", "sphinx-inline-tabs", "sphinx-notfound-page (==0.8.3)", "sphinx-reredirects", "sphinxcontrib-towncrier"]
testing = ["build[virtualenv]", "filelock (>=3.4.0)", "flake8 (<5)", "flake8-2020", "ini2toml[lite] (>=0.9)", "jaraco.envs (>=2.2)", "jaraco.path (>=3.2.0)", "mock", "pip (>=19.1)", "pip-run (>=8.8)", "pytest (>=6)", "pytest-black (>=0.3.7)", "pytest-checkdocs (>=2.4)", "pytest-cov", "pytest-enabler (>=1.3)", "pytest-flake8", "pytest-mypy (>=0.9.1)", "pytest-perf", "pytest-xdist", "tomli-w (>=1.0.0)", "virtualenv (>=13.0.0)", "wheel"]
testing-integration = ["build[virtualenv]", "filelock (>=3.4.0)", "jaraco.envs (>=2.2)", "jaraco.path (>=3.2.0)", "pytest", "pytest-enabler", "pytest-xdist", "tomli", "virtualenv (>=13.0.0)", "wheel"]

[[package]]
name = "tomli"
version = "2.0.1"
description = "A lil' TOML parser"
category = "dev"
optional = false
python-versions = ">=3.7"

[metadata]
lock-version = "1.1"
python-versions = "^3.10"
content-hash = "c4a9b94c1f20f5f2c8d0ae1d63d5d342711474575a968223f22e1229d201178b"

[metadata.files]
attrs = [
    {file = "attrs-22.1.0-py2.py3-none-any.whl", hash = "sha256:86efa402f67bf2df34f51a335487cf46b1ec130d02b8d39fd248abfd30da551c"},
    {file = "attrs-22.1.0.tar.gz", hash = "sha256:29adc2665447e5191d0e7c568fde78b21f9672d344281d0c6e1ab085429b22b6"},
]
click = [
    {file = "click-8.1.3-py3-none-any.whl", hash = "sha256:bb4d8133cb15a609f44e8213d9b391b0809795062913b383c62be0ee95b1db48"},
    {file = "click-8.1.3.tar.gz", hash = "sha256:7682dc8afb30297001674575ea00d1814d808d6a36af415a82bd481d37ba7b8e"},
]
colorama = [
    {file = "colorama-0.4.6-py2.py3-none-any.whl", hash = "sha256:4f1d9991f5acc0ca119f9d443620b77f9d6b33703e51011c16baf57afb285fc6"},
    {file = "colorama-0.4.6.tar.gz", hash = "sha256:08695f5cb7ed6e0531a20572697297273c47b8cae5a63ffc6d6ed5c201be6e44"},
]
coverage = [
    {file = "coverage-6.5.0-cp310-cp310-macosx_10_9_x86_64.whl", hash = "sha256:ef8674b0ee8cc11e2d574e3e2998aea5df5ab242e012286824ea3c6970580e53"},
    {file = "coverage-6.5.0-cp310-cp310-macosx_11_0_arm64.whl", hash = "sha256:784f53ebc9f3fd0e2a3f6a78b2be1bd1f5575d7863e10c6e12504f240fd06660"},
    {file = "coverage-6.5.0-cp310-cp310-manylinux_2_17_aarch64.manylinux2014_aarch64.whl", hash = "sha256:b4a5be1748d538a710f87542f22c2cad22f80545a847ad91ce45e77417293eb4"},
    {file = "coverage-6.5.0-cp310-cp310-manylinux_2_5_i686.manylinux1_i686.manylinux_2_17_i686.manylinux2014_i686.whl", hash = "sha256:83516205e254a0cb77d2d7bb3632ee019d93d9f4005de31dca0a8c3667d5bc04"},
    {file = "coverage-6.5.0-cp310-cp310-manylinux_2_5_x86_64.manylinux1_x86_64.manylinux_2_17_x86_64.manylinux2014_x86_64.whl", hash = "sha256:af4fffaffc4067232253715065e30c5a7ec6faac36f8fc8d6f64263b15f74db0"},
    {file = "coverage-6.5.0-cp310-cp310-musllinux_1_1_aarch64.whl", hash = "sha256:97117225cdd992a9c2a5515db1f66b59db634f59d0679ca1fa3fe8da32749cae"},
    {file = "coverage-6.5.0-cp310-cp310-musllinux_1_1_i686.whl", hash = "sha256:a1170fa54185845505fbfa672f1c1ab175446c887cce8212c44149581cf2d466"},
    {file = "coverage-6.5.0-cp310-cp310-musllinux_1_1_x86_64.whl", hash = "sha256:11b990d520ea75e7ee8dcab5bc908072aaada194a794db9f6d7d5cfd19661e5a"},
    {file = "coverage-6.5.0-cp310-cp310-win32.whl", hash = "sha256:5dbec3b9095749390c09ab7c89d314727f18800060d8d24e87f01fb9cfb40b32"},
    {file = "coverage-6.5.0-cp310-cp310-win_amd64.whl", hash = "sha256:59f53f1dc5b656cafb1badd0feb428c1e7bc19b867479ff72f7a9dd9b479f10e"},
    {file = "coverage-6.5.0-cp311-cp311-macosx_10_9_x86_64.whl", hash = "sha256:4a5375e28c5191ac38cca59b38edd33ef4cc914732c916f2929029b4bfb50795"},
    {file = "coverage-6.5.0-cp311-cp311-manylinux_2_17_aarch64.manylinux2014_aarch64.whl", hash = "sha256:c4ed2820d919351f4167e52425e096af41bfabacb1857186c1ea32ff9983ed75"},
    {file = "coverage-6.5.0-cp311-cp311-manylinux_2_5_i686.manylinux1_i686.manylinux_2_17_i686.manylinux2014_i686.whl", hash = "sha256:33a7da4376d5977fbf0a8ed91c4dffaaa8dbf0ddbf4c8eea500a2486d8bc4d7b"},
    {file = "coverage-6.5.0-cp311-cp311-manylinux_2_5_x86_64.manylinux1_x86_64.manylinux_2_17_x86_64.manylinux2014_x86_64.whl", hash = "sha256:a8fb6cf131ac4070c9c5a3e21de0f7dc5a0fbe8bc77c9456ced896c12fcdad91"},
    {file = "coverage-6.5.0-cp311-cp311-musllinux_1_1_aarch64.whl", hash = "sha256:a6b7d95969b8845250586f269e81e5dfdd8ff828ddeb8567a4a2eaa7313460c4"},
    {file = "coverage-6.5.0-cp311-cp311-musllinux_1_1_i686.whl", hash = "sha256:1ef221513e6f68b69ee9e159506d583d31aa3567e0ae84eaad9d6ec1107dddaa"},
    {file = "coverage-6.5.0-cp311-cp311-musllinux_1_1_x86_64.whl", hash = "sha256:cca4435eebea7962a52bdb216dec27215d0df64cf27fc1dd538415f5d2b9da6b"},
    {file = "coverage-6.5.0-cp311-cp311-win32.whl", hash = "sha256:98e8a10b7a314f454d9eff4216a9a94d143a7ee65018dd12442e898ee2310578"},
    {file = "coverage-6.5.0-cp311-cp311-win_amd64.whl", hash = "sha256:bc8ef5e043a2af066fa8cbfc6e708d58017024dc4345a1f9757b329a249f041b"},
    {file = "coverage-6.5.0-cp37-cp37m-macosx_10_9_x86_64.whl", hash = "sha256:4433b90fae13f86fafff0b326453dd42fc9a639a0d9e4eec4d366436d1a41b6d"},
    {file = "coverage-6.5.0-cp37-cp37m-manylinux_2_17_aarch64.manylinux2014_aarch64.whl", hash = "sha256:f4f05d88d9a80ad3cac6244d36dd89a3c00abc16371769f1340101d3cb899fc3"},
    {file = "coverage-6.5.0-cp37-cp37m-manylinux_2_5_i686.manylinux1_i686.manylinux_2_17_i686.manylinux2014_i686.whl", hash = "sha256:94e2565443291bd778421856bc975d351738963071e9b8839ca1fc08b42d4bef"},
    {file = "coverage-6.5.0-cp37-cp37m-manylinux_2_5_x86_64.manylinux1_x86_64.manylinux_2_17_x86_64.manylinux2014_x86_64.whl", hash = "sha256:027018943386e7b942fa832372ebc120155fd970837489896099f5cfa2890f79"},
    {file = "coverage-6.5.0-cp37-cp37m-musllinux_1_1_aarch64.whl", hash = "sha256:255758a1e3b61db372ec2736c8e2a1fdfaf563977eedbdf131de003ca5779b7d"},
    {file = "coverage-6.5.0-cp37-cp37m-musllinux_1_1_i686.whl", hash = "sha256:851cf4ff24062c6aec510a454b2584f6e998cada52d4cb58c5e233d07172e50c"},
    {file = "coverage-6.5.0-cp37-cp37m-musllinux_1_1_x86_64.whl", hash = "sha256:12adf310e4aafddc58afdb04d686795f33f4d7a6fa67a7a9d4ce7d6ae24d949f"},
    {file = "coverage-6.5.0-cp37-cp37m-win32.whl", hash = "sha256:b5604380f3415ba69de87a289a2b56687faa4fe04dbee0754bfcae433489316b"},
    {file = "coverage-6.5.0-cp37-cp37m-win_amd64.whl", hash = "sha256:4a8dbc1f0fbb2ae3de73eb0bdbb914180c7abfbf258e90b311dcd4f585d44bd2"},
    {file = "coverage-6.5.0-cp38-cp38-macosx_10_9_x86_64.whl", hash = "sha256:d900bb429fdfd7f511f868cedd03a6bbb142f3f9118c09b99ef8dc9bf9643c3c"},
    {file = "coverage-6.5.0-cp38-cp38-macosx_11_0_arm64.whl", hash = "sha256:2198ea6fc548de52adc826f62cb18554caedfb1d26548c1b7c88d8f7faa8f6ba"},
    {file = "coverage-6.5.0-cp38-cp38-manylinux_2_17_aarch64.manylinux2014_aarch64.whl", hash = "sha256:6c4459b3de97b75e3bd6b7d4b7f0db13f17f504f3d13e2a7c623786289dd670e"},
    {file = "coverage-6.5.0-cp38-cp38-manylinux_2_5_i686.manylinux1_i686.manylinux_2_17_i686.manylinux2014_i686.whl", hash = "sha256:20c8ac5386253717e5ccc827caad43ed66fea0efe255727b1053a8154d952398"},
    {file = "coverage-6.5.0-cp38-cp38-manylinux_2_5_x86_64.manylinux1_x86_64.manylinux_2_17_x86_64.manylinux2014_x86_64.whl", hash = "sha256:6b07130585d54fe8dff3d97b93b0e20290de974dc8177c320aeaf23459219c0b"},
    {file = "coverage-6.5.0-cp38-cp38-musllinux_1_1_aarch64.whl", hash = "sha256:dbdb91cd8c048c2b09eb17713b0c12a54fbd587d79adcebad543bc0cd9a3410b"},
    {file = "coverage-6.5.0-cp38-cp38-musllinux_1_1_i686.whl", hash = "sha256:de3001a203182842a4630e7b8d1a2c7c07ec1b45d3084a83d5d227a3806f530f"},
    {file = "coverage-6.5.0-cp38-cp38-musllinux_1_1_x86_64.whl", hash = "sha256:e07f4a4a9b41583d6eabec04f8b68076ab3cd44c20bd29332c6572dda36f372e"},
    {file = "coverage-6.5.0-cp38-cp38-win32.whl", hash = "sha256:6d4817234349a80dbf03640cec6109cd90cba068330703fa65ddf56b60223a6d"},
    {file = "coverage-6.5.0-cp38-cp38-win_amd64.whl", hash = "sha256:7ccf362abd726b0410bf8911c31fbf97f09f8f1061f8c1cf03dfc4b6372848f6"},
    {file = "coverage-6.5.0-cp39-cp39-macosx_10_9_x86_64.whl", hash = "sha256:633713d70ad6bfc49b34ead4060531658dc6dfc9b3eb7d8a716d5873377ab745"},
    {file = "coverage-6.5.0-cp39-cp39-macosx_11_0_arm64.whl", hash = "sha256:95203854f974e07af96358c0b261f1048d8e1083f2de9b1c565e1be4a3a48cfc"},
    {file = "coverage-6.5.0-cp39-cp39-manylinux_2_17_aarch64.manylinux2014_aarch64.whl", hash = "sha256:b9023e237f4c02ff739581ef35969c3739445fb059b060ca51771e69101efffe"},
    {file = "coverage-6.5.0-cp39-cp39-manylinux_2_5_i686.manylinux1_i686.manylinux_2_17_i686.manylinux2014_i686.whl", hash = "sha256:265de0fa6778d07de30bcf4d9dc471c3dc4314a23a3c6603d356a3c9abc2dfcf"},
    {file = "coverage-6.5.0-cp39-cp39-manylinux_2_5_x86_64.manylinux1_x86_64.manylinux_2_17_x86_64.manylinux2014_x86_64.whl", hash = "sha256:8f830ed581b45b82451a40faabb89c84e1a998124ee4212d440e9c6cf70083e5"},
    {file = "coverage-6.5.0-cp39-cp39-musllinux_1_1_aarch64.whl", hash = "sha256:7b6be138d61e458e18d8e6ddcddd36dd96215edfe5f1168de0b1b32635839b62"},
    {file = "coverage-6.5.0-cp39-cp39-musllinux_1_1_i686.whl", hash = "sha256:42eafe6778551cf006a7c43153af1211c3aaab658d4d66fa5fcc021613d02518"},
    {file = "coverage-6.5.0-cp39-cp39-musllinux_1_1_x86_64.whl", hash = "sha256:723e8130d4ecc8f56e9a611e73b31219595baa3bb252d539206f7bbbab6ffc1f"},
    {file = "coverage-6.5.0-cp39-cp39-win32.whl", hash = "sha256:d9ecf0829c6a62b9b573c7bb6d4dcd6ba8b6f80be9ba4fc7ed50bf4ac9aecd72"},
    {file = "coverage-6.5.0-cp39-cp39-win_amd64.whl", hash = "sha256:fc2af30ed0d5ae0b1abdb4ebdce598eafd5b35397d4d75deb341a614d333d987"},
    {file = "coverage-6.5.0-pp36.pp37.pp38-none-any.whl", hash = "sha256:1431986dac3923c5945271f169f59c45b8802a114c8f548d611f2015133df77a"},
    {file = "coverage-6.5.0.tar.gz", hash = "sha256:f642e90754ee3e06b0e7e51bce3379590e76b7f76b708e1a71ff043f87025c84"},
]
cprotobuf = [
    {file = "cprotobuf-0.1.11.tar.gz", hash = "sha256:d2d88c8de840275205e64e530052c653dd25a0fb9e5cd9f7e39ce8f762d7c0a4"},
]
hexbytes = [
    {file = "hexbytes-0.3.0-py3-none-any.whl", hash = "sha256:21c3a5bd00a383097f0369c387174e79839d75c4ccc3a7edda315c9644f4458a"},
    {file = "hexbytes-0.3.0.tar.gz", hash = "sha256:afeebfb800f5f15a3ca5bab52e49eabcb4b6dac06ec8ff01a94fdb890c6c0712"},
]
iniconfig = [
    {file = "iniconfig-1.1.1-py2.py3-none-any.whl", hash = "sha256:011e24c64b7f47f6ebd835bb12a743f2fbe9a26d4cecaa7f53bc4f35ee9da8b3"},
    {file = "iniconfig-1.1.1.tar.gz", hash = "sha256:bc3af051d7d14b2ee5ef9969666def0cd1a000e121eaea580d4a313df4b37f32"},
]
lz4 = [
    {file = "lz4-4.0.2-cp310-cp310-macosx_10_9_x86_64.whl", hash = "sha256:3881573c3db902db370e072eb64b40c7c8289b94b2a731e051858cc198f890e8"},
    {file = "lz4-4.0.2-cp310-cp310-manylinux_2_17_x86_64.manylinux2014_x86_64.whl", hash = "sha256:154e6e9f58a7bafc4d2a1395160305b78fc82fa708bfa58cf0ad977c443d1f8f"},
    {file = "lz4-4.0.2-cp310-cp310-manylinux_2_5_i686.manylinux1_i686.manylinux_2_17_i686.manylinux2014_i686.whl", hash = "sha256:4cfa82f26b4f1835c797bd70e5ce20d5f1ee897b9a0c53e62d607f9029f521ce"},
    {file = "lz4-4.0.2-cp310-cp310-win32.whl", hash = "sha256:fba1730cd2327a9d013192a9878714cc82f4877d2ada556222d03ea6428a80ed"},
    {file = "lz4-4.0.2-cp310-cp310-win_amd64.whl", hash = "sha256:61dbcca64e8e1655e06b588356c4b2515bccc1d7e84065f858a685abd96f0cf2"},
    {file = "lz4-4.0.2-cp37-cp37m-macosx_10_9_x86_64.whl", hash = "sha256:56ea660097fec87f0c6746146b316775037f8dd886a4c5915360e5b32b7112d0"},
    {file = "lz4-4.0.2-cp37-cp37m-manylinux_2_17_x86_64.manylinux2014_x86_64.whl", hash = "sha256:ed86ab22bfe1f4cd4fc983704134a8fdf746c1121a398f8f14cbd014c1a5b0ae"},
    {file = "lz4-4.0.2-cp37-cp37m-manylinux_2_5_i686.manylinux1_i686.manylinux_2_17_i686.manylinux2014_i686.whl", hash = "sha256:345608de23b4d68fbdef373f1e53d6c5abd99a062d4ff922e3350f47775ab123"},
    {file = "lz4-4.0.2-cp37-cp37m-win32.whl", hash = "sha256:5fe9db7627674875e4279c2ed50b1e38fb91ec3093347f871ed996e58edbb488"},
    {file = "lz4-4.0.2-cp37-cp37m-win_amd64.whl", hash = "sha256:3fa0f000d8ce39e643e9e5c49fc4d1985156ffb177e3123a0f22551f5864841b"},
    {file = "lz4-4.0.2-cp38-cp38-macosx_10_9_x86_64.whl", hash = "sha256:6f3b3670f52f0871885258bcbc746f483760434336f0bc5581f161cc5d4b0c9a"},
    {file = "lz4-4.0.2-cp38-cp38-manylinux_2_17_x86_64.manylinux2014_x86_64.whl", hash = "sha256:ea2c2182a5b0ad03f33ac09db0925a1738a1d65751a3e058110bd900c643d359"},
    {file = "lz4-4.0.2-cp38-cp38-manylinux_2_5_i686.manylinux1_i686.manylinux_2_17_i686.manylinux2014_i686.whl", hash = "sha256:439898dd4176a724243002003c3f733eb6ce48a5988175f54c8560e0b100b7a6"},
    {file = "lz4-4.0.2-cp38-cp38-win32.whl", hash = "sha256:35e6caced0229b90151d31d9cf1eaa541e597f8021bf5b70ff9e6374e3e43b23"},
    {file = "lz4-4.0.2-cp38-cp38-win_amd64.whl", hash = "sha256:1bd56282f6993e013ccf7f6edf1530c2a13d1662741e2be072349c7f70bc0682"},
    {file = "lz4-4.0.2-cp39-cp39-macosx_10_9_x86_64.whl", hash = "sha256:1ed9a1875dc2a489f3b665d0211984689d0e76585e55650b044a64dbd2d22992"},
    {file = "lz4-4.0.2-cp39-cp39-manylinux_2_17_x86_64.manylinux2014_x86_64.whl", hash = "sha256:d2b18a6d6d9071c03dbf9e30bbe22e4476f24f1a4d73b1e975605ad3ce725e6c"},
    {file = "lz4-4.0.2-cp39-cp39-manylinux_2_5_i686.manylinux1_i686.manylinux_2_17_i686.manylinux2014_i686.whl", hash = "sha256:9d141719d3cbb7933809642a61b68b8f595ddf85657016521756ddcf826b85cd"},
    {file = "lz4-4.0.2-cp39-cp39-win32.whl", hash = "sha256:a8e02c2477bd704f43113ac8dd966c361187383591388818d74e1b73e4674759"},
    {file = "lz4-4.0.2-cp39-cp39-win_amd64.whl", hash = "sha256:ee73357412c5505f6ba0ea61ff71455e2e4c1e04d8e60f17f3cd937261d773fa"},
    {file = "lz4-4.0.2.tar.gz", hash = "sha256:083b7172c2938412ae37c3a090250bfdd9e4a6e855442594f86c3608ed12729b"},
]
packaging = [
    {file = "packaging-21.3-py3-none-any.whl", hash = "sha256:ef103e05f519cdc783ae24ea4e2e0f508a9c99b2d4969652eed6a2e1ea5bd522"},
    {file = "packaging-21.3.tar.gz", hash = "sha256:dd47c42927d89ab911e606518907cc2d3a1f38bbd026385970643f9c5b8ecfeb"},
]
pluggy = [
    {file = "pluggy-1.0.0-py2.py3-none-any.whl", hash = "sha256:74134bbf457f031a36d68416e1509f34bd5ccc019f0bcc952c7b909d06b37bd3"},
    {file = "pluggy-1.0.0.tar.gz", hash = "sha256:4224373bacce55f955a878bf9cfa763c1e360858e330072059e10bad68531159"},
]
plyvel = [
    {file = "plyvel-1.5.0-cp310-cp310-manylinux_2_17_x86_64.manylinux2014_x86_64.whl", hash = "sha256:92d949ec657f58e966ee5cc58ea51c436b61e43b86247656f1b6d4a987782a35"},
    {file = "plyvel-1.5.0-cp311-cp311-manylinux_2_17_x86_64.manylinux2014_x86_64.whl", hash = "sha256:48df7416267977641e9ff82a2bce022e6f5e91889eae95322685fccf6ec9a3d7"},
    {file = "plyvel-1.5.0-cp37-cp37m-manylinux_2_17_x86_64.manylinux2014_x86_64.whl", hash = "sha256:f3b5ddaaa7b019db805a74cba52c39d88dd6447add1cb2620b0195115e4aa68b"},
    {file = "plyvel-1.5.0-cp38-cp38-manylinux_2_17_x86_64.manylinux2014_x86_64.whl", hash = "sha256:c480b57848e31c2e47029d3fb0f57ad4fc6a9204867e51bbdcf81a62df75de4b"},
    {file = "plyvel-1.5.0-cp39-cp39-manylinux_2_17_x86_64.manylinux2014_x86_64.whl", hash = "sha256:cb217f52215ac715091396bcbaf645d4ef8eb4b5dd9f96ef01abc0aaed45e2ca"},
    {file = "plyvel-1.5.0.tar.gz", hash = "sha256:cd918e0b31690abcd3d202a8742caf951ab2fe1573de7af71c38456847f9202b"},
]
py = [
    {file = "py-1.11.0-py2.py3-none-any.whl", hash = "sha256:607c53218732647dff4acdfcd50cb62615cedf612e72d1724fb1a0cc6405b378"},
    {file = "py-1.11.0.tar.gz", hash = "sha256:51c75c4126074b472f746a24399ad32f6053d1b34b68d2fa41e558e6f4a98719"},
]
pyparsing = [
    {file = "pyparsing-3.0.9-py3-none-any.whl", hash = "sha256:5026bae9a10eeaefb61dab2f09052b9f4307d44aee4eda64b309723d8d206bbc"},
    {file = "pyparsing-3.0.9.tar.gz", hash = "sha256:2b020ecf7d21b687f219b71ecad3631f644a47f01403fa1d1036b0c6416d70fb"},
]
pytest = [
    {file = "pytest-7.1.3-py3-none-any.whl", hash = "sha256:1377bda3466d70b55e3f5cecfa55bb7cfcf219c7964629b967c37cf0bda818b7"},
    {file = "pytest-7.1.3.tar.gz", hash = "sha256:4f365fec2dff9c1162f834d9f18af1ba13062db0c708bf7b946f8a5c76180c39"},
]
pytest-cov = [
    {file = "pytest-cov-4.0.0.tar.gz", hash = "sha256:996b79efde6433cdbd0088872dbc5fb3ed7fe1578b68cdbba634f14bb8dd0470"},
    {file = "pytest_cov-4.0.0-py3-none-any.whl", hash = "sha256:2feb1b751d66a8bd934e5edfa2e961d11309dc37b73b0eabe73b5945fee20f6b"},
]
python-snappy = [
    {file = "python-snappy-0.6.1.tar.gz", hash = "sha256:b6a107ab06206acc5359d4c5632bd9b22d448702a79b3169b0c62e0fb808bb2a"},
    {file = "python_snappy-0.6.1-cp310-cp310-macosx_10_9_universal2.whl", hash = "sha256:b7f920eaf46ebf41bd26f9df51c160d40f9e00b7b48471c3438cb8d027f7fb9b"},
    {file = "python_snappy-0.6.1-cp310-cp310-macosx_10_9_x86_64.whl", hash = "sha256:4ec533a8c1f8df797bded662ec3e494d225b37855bb63eb0d75464a07947477c"},
    {file = "python_snappy-0.6.1-cp310-cp310-manylinux_2_12_i686.manylinux2010_i686.whl", hash = "sha256:6f8bf4708a11b47517baf962f9a02196478bbb10fdb9582add4aa1459fa82380"},
    {file = "python_snappy-0.6.1-cp310-cp310-manylinux_2_12_x86_64.manylinux2010_x86_64.whl", hash = "sha256:8d0c019ee7dcf2c60e240877107cddbd95a5b1081787579bf179938392d66480"},
    {file = "python_snappy-0.6.1-cp310-cp310-manylinux_2_17_aarch64.manylinux2014_aarch64.whl", hash = "sha256:cb18d9cd7b3f35a2f5af47bb8ed6a5bdbf4f3ddee37f3daade4ab7864c292f5b"},
    {file = "python_snappy-0.6.1-cp310-cp310-manylinux_2_17_ppc64le.manylinux2014_ppc64le.whl", hash = "sha256:b265cde49774752aec9ca7f5d272e3f98718164afc85521622a8a5394158a2b5"},
    {file = "python_snappy-0.6.1-cp310-cp310-manylinux_2_17_s390x.manylinux2014_s390x.whl", hash = "sha256:d017775851a778ec9cc32651c4464079d06d927303c2dde9ae9830ccf6fe94e1"},
    {file = "python_snappy-0.6.1-cp310-cp310-win32.whl", hash = "sha256:8277d1f6282463c40761f802b742f833f9f2449fcdbb20a96579aa05c8feb614"},
    {file = "python_snappy-0.6.1-cp310-cp310-win_amd64.whl", hash = "sha256:2aaaf618c68d8c9daebc23a20436bd01b09ee70d7fbf7072b7f38b06d2fab539"},
    {file = "python_snappy-0.6.1-cp36-cp36m-macosx_10_9_x86_64.whl", hash = "sha256:277757d5dad4e239dc1417438a0871b65b1b155beb108888e7438c27ffc6a8cc"},
    {file = "python_snappy-0.6.1-cp36-cp36m-manylinux_2_12_i686.manylinux2010_i686.whl", hash = "sha256:e066a0586833d610c4bbddba0be5ba0e3e4f8e0bc5bb6d82103d8f8fc47bb59a"},
    {file = "python_snappy-0.6.1-cp36-cp36m-manylinux_2_12_x86_64.manylinux2010_x86_64.whl", hash = "sha256:0d489b50f49433494160c45048fe806de6b3aeab0586e497ebd22a0bab56e427"},
    {file = "python_snappy-0.6.1-cp36-cp36m-manylinux_2_17_aarch64.manylinux2014_aarch64.whl", hash = "sha256:463fd340a499d47b26ca42d2f36a639188738f6e2098c6dbf80aef0e60f461e1"},
    {file = "python_snappy-0.6.1-cp36-cp36m-manylinux_2_17_ppc64le.manylinux2014_ppc64le.whl", hash = "sha256:9837ac1650cc68d22a3cf5f15fb62c6964747d16cecc8b22431f113d6e39555d"},
    {file = "python_snappy-0.6.1-cp36-cp36m-manylinux_2_17_s390x.manylinux2014_s390x.whl", hash = "sha256:5e973e637112391f05581f427659c05b30b6843bc522a65be35ac7b18ce3dedd"},
    {file = "python_snappy-0.6.1-cp36-cp36m-win32.whl", hash = "sha256:c20498bd712b6e31a4402e1d027a1cd64f6a4a0066a3fe3c7344475886d07fdf"},
    {file = "python_snappy-0.6.1-cp36-cp36m-win_amd64.whl", hash = "sha256:59e975be4206cc54d0a112ef72fa3970a57c2b1bcc2c97ed41d6df0ebe518228"},
    {file = "python_snappy-0.6.1-cp37-cp37m-macosx_10_9_x86_64.whl", hash = "sha256:2a7e528ab6e09c0d67dcb61a1730a292683e5ff9bb088950638d3170cf2a0a54"},
    {file = "python_snappy-0.6.1-cp37-cp37m-manylinux_2_12_i686.manylinux2010_i686.whl", hash = "sha256:39692bedbe0b717001a99915ac0eb2d9d0bad546440d392a2042b96d813eede1"},
    {file = "python_snappy-0.6.1-cp37-cp37m-manylinux_2_12_x86_64.manylinux2010_x86_64.whl", hash = "sha256:6a7620404da966f637b9ce8d4d3d543d363223f7a12452a575189c5355fc2d25"},
    {file = "python_snappy-0.6.1-cp37-cp37m-manylinux_2_17_aarch64.manylinux2014_aarch64.whl", hash = "sha256:7778c224efc38a40d274da4eb82a04cac27aae20012372a7db3c4bbd8926c4d4"},
    {file = "python_snappy-0.6.1-cp37-cp37m-manylinux_2_17_ppc64le.manylinux2014_ppc64le.whl", hash = "sha256:1d029f7051ec1bbeaa3e03030b6d8ed47ceb69cae9016f493c802a08af54e026"},
    {file = "python_snappy-0.6.1-cp37-cp37m-manylinux_2_17_s390x.manylinux2014_s390x.whl", hash = "sha256:a0ad38bc98d0b0497a0b0dbc29409bcabfcecff4511ed7063403c86de16927bc"},
    {file = "python_snappy-0.6.1-cp37-cp37m-win32.whl", hash = "sha256:5a453c45178d7864c1bdd6bfe0ee3ed2883f63b9ba2c9bb967c6b586bf763f96"},
    {file = "python_snappy-0.6.1-cp37-cp37m-win_amd64.whl", hash = "sha256:9f0c0d88b84259f93c3aa46398680646f2c23e43394779758d9f739c34e15295"},
    {file = "python_snappy-0.6.1-cp38-cp38-macosx_10_9_universal2.whl", hash = "sha256:5bb05c28298803a74add08ba496879242ef159c75bc86a5406fac0ffc7dd021b"},
    {file = "python_snappy-0.6.1-cp38-cp38-macosx_10_9_x86_64.whl", hash = "sha256:9eac51307c6a1a38d5f86ebabc26a889fddf20cbba7a116ccb54ba1446601d5b"},
    {file = "python_snappy-0.6.1-cp38-cp38-manylinux_2_12_i686.manylinux2010_i686.whl", hash = "sha256:88b6ea78b83d2796f330b0af1b70cdd3965dbdab02d8ac293260ec2c8fe340ee"},
    {file = "python_snappy-0.6.1-cp38-cp38-manylinux_2_12_x86_64.manylinux2010_x86_64.whl", hash = "sha256:8c07220408d3268e8268c9351c5c08041bc6f8c6172e59d398b71020df108541"},
    {file = "python_snappy-0.6.1-cp38-cp38-manylinux_2_17_aarch64.manylinux2014_aarch64.whl", hash = "sha256:4038019b1bcaadde726a57430718394076c5a21545ebc5badad2c045a09546cf"},
    {file = "python_snappy-0.6.1-cp38-cp38-manylinux_2_17_ppc64le.manylinux2014_ppc64le.whl", hash = "sha256:dc96668d9c7cc656609764275c5f8da58ef56d89bdd6810f6923d36497468ff7"},
    {file = "python_snappy-0.6.1-cp38-cp38-manylinux_2_17_s390x.manylinux2014_s390x.whl", hash = "sha256:cf5bb9254e1c38aacf253d510d3d9be631bba21f3d068b17672b38b5cbf2fff5"},
    {file = "python_snappy-0.6.1-cp38-cp38-win32.whl", hash = "sha256:eaf905a580f2747c4a474040a5063cd5e0cc3d1d2d6edb65f28196186493ad4a"},
    {file = "python_snappy-0.6.1-cp38-cp38-win_amd64.whl", hash = "sha256:546c1a7470ecbf6239101e9aff0f709b68ca0f0268b34d9023019a55baa1f7c6"},
    {file = "python_snappy-0.6.1-cp39-cp39-macosx_10_9_universal2.whl", hash = "sha256:e3a013895c64352b49d0d8e107a84f99631b16dbab156ded33ebf0becf56c8b2"},
    {file = "python_snappy-0.6.1-cp39-cp39-macosx_10_9_x86_64.whl", hash = "sha256:3fb9a88a4dd6336488f3de67ce75816d0d796dce53c2c6e4d70e0b565633c7fd"},
    {file = "python_snappy-0.6.1-cp39-cp39-manylinux_2_12_i686.manylinux2010_i686.whl", hash = "sha256:735cd4528c55dbe4516d6d2b403331a99fc304f8feded8ae887cf97b67d589bb"},
    {file = "python_snappy-0.6.1-cp39-cp39-manylinux_2_12_x86_64.manylinux2010_x86_64.whl", hash = "sha256:90b0186516b7a101c14764b0c25931b741fb0102f21253eff67847b4742dfc72"},
    {file = "python_snappy-0.6.1-cp39-cp39-manylinux_2_17_aarch64.manylinux2014_aarch64.whl", hash = "sha256:1a993dc8aadd901915a510fe6af5f20ae4256f527040066c22a154db8946751f"},
    {file = "python_snappy-0.6.1-cp39-cp39-manylinux_2_17_ppc64le.manylinux2014_ppc64le.whl", hash = "sha256:530bfb9efebcc1aab8bb4ebcbd92b54477eed11f6cf499355e882970a6d3aa7d"},
    {file = "python_snappy-0.6.1-cp39-cp39-manylinux_2_17_s390x.manylinux2014_s390x.whl", hash = "sha256:5843feb914796b1f0405ccf31ea0fb51034ceb65a7588edfd5a8250cb369e3b2"},
    {file = "python_snappy-0.6.1-cp39-cp39-win32.whl", hash = "sha256:66c80e9b366012dbee262bb1869e4fc5ba8786cda85928481528bc4a72ec2ee8"},
    {file = "python_snappy-0.6.1-cp39-cp39-win_amd64.whl", hash = "sha256:4d3cafdf454354a621c8ab7408e45aa4e9d5c0b943b61ff4815f71ca6bdf0130"},
    {file = "python_snappy-0.6.1-pp37-pypy37_pp73-manylinux_2_12_i686.manylinux2010_i686.whl", hash = "sha256:586724a0276d7a6083a17259d0b51622e492289a9998848a1b01b6441ca12b2f"},
    {file = "python_snappy-0.6.1-pp37-pypy37_pp73-manylinux_2_12_x86_64.manylinux2010_x86_64.whl", hash = "sha256:2be4f4550acd484912441f5f1209ba611ac399aac9355fee73611b9a0d4f949c"},
    {file = "python_snappy-0.6.1-pp37-pypy37_pp73-manylinux_2_17_aarch64.manylinux2014_aarch64.whl", hash = "sha256:0bdb6942180660bda7f7d01f4c0def3cfc72b1c6d99aad964801775a3e379aba"},
    {file = "python_snappy-0.6.1-pp37-pypy37_pp73-win_amd64.whl", hash = "sha256:03bb511380fca2a13325b6f16fe8234c8e12da9660f0258cd45d9a02ffc916af"},
]
pyzstd = [
    {file = "pyzstd-0.15.3-cp310-cp310-macosx_10_9_x86_64.whl", hash = "sha256:da9907e447d41650c00b8023be6789f7c2133eca3c6a0f72200ff25df29c0bf5"},
    {file = "pyzstd-0.15.3-cp310-cp310-macosx_11_0_arm64.whl", hash = "sha256:fe24509154d3d7c16195fa2c0b546e160c947b09fd49ca08702abdcc5bc0c933"},
    {file = "pyzstd-0.15.3-cp310-cp310-manylinux_2_17_aarch64.manylinux2014_aarch64.whl", hash = "sha256:db93acdde600fd91ef329300de3d03d36d5dcb99533d69c85a0b58c27a0f4e53"},
    {file = "pyzstd-0.15.3-cp310-cp310-manylinux_2_17_ppc64le.manylinux2014_ppc64le.whl", hash = "sha256:946eefc64d3a4d756920986dcc5043b7fdef179fa2f9dcb1a77dac2821abd934"},
    {file = "pyzstd-0.15.3-cp310-cp310-manylinux_2_17_s390x.manylinux2014_s390x.whl", hash = "sha256:8a316c14ba55191a2eb32b04b7e1468fcac73e5fcd287b189650e1238dec9183"},
    {file = "pyzstd-0.15.3-cp310-cp310-manylinux_2_17_x86_64.manylinux2014_x86_64.whl", hash = "sha256:082b08c1c0e8a9441e5f48c0f44fe4cee201c682f730c838ef86ed8619cda760"},
    {file = "pyzstd-0.15.3-cp310-cp310-manylinux_2_5_i686.manylinux1_i686.manylinux_2_17_i686.manylinux2014_i686.whl", hash = "sha256:3ef2ef67b2e54168d303f95f074f21e3e98e491f9d700ec2fa3266f6c0c71b5e"},
    {file = "pyzstd-0.15.3-cp310-cp310-manylinux_2_5_x86_64.manylinux1_x86_64.manylinux_2_12_x86_64.manylinux2010_x86_64.whl", hash = "sha256:5bb9e6581db70e99973bb4267014e2dd48ed271d6ae3581fc92f73ad82f36dc1"},
    {file = "pyzstd-0.15.3-cp310-cp310-musllinux_1_1_aarch64.whl", hash = "sha256:92894764d892d50a076607848fdbac4d011fcd35fc73eaedb93bab4442e502d7"},
    {file = "pyzstd-0.15.3-cp310-cp310-musllinux_1_1_i686.whl", hash = "sha256:08d1b45aed0df32b07ba1d1c49fe892d6fef4d4c97d1133d8836350a78a93244"},
    {file = "pyzstd-0.15.3-cp310-cp310-musllinux_1_1_ppc64le.whl", hash = "sha256:22e38237ace69bb6810734da1a3c2dd267fb5d7f68a35e175565bdc7ce6bb04a"},
    {file = "pyzstd-0.15.3-cp310-cp310-musllinux_1_1_s390x.whl", hash = "sha256:fd98100fce2d6eb5ad3f7292c3498986e37397d50c6e3b04adc3c91c3d26bd9d"},
    {file = "pyzstd-0.15.3-cp310-cp310-musllinux_1_1_x86_64.whl", hash = "sha256:49cd5bb0220f16bf41b80a0301f63fd4f5713cdc1795919891f8904f82f31768"},
    {file = "pyzstd-0.15.3-cp310-cp310-win32.whl", hash = "sha256:8218f953895e6d43a789b9a53a4945531d1ad4e76b64ac2d88e0a8980cc1d9e4"},
    {file = "pyzstd-0.15.3-cp310-cp310-win_amd64.whl", hash = "sha256:4af74993d8eb032105b7640c4e4af161f8093447a62de3f2c9f14493576a95e7"},
    {file = "pyzstd-0.15.3-cp311-cp311-macosx_10_9_x86_64.whl", hash = "sha256:b7841e3bcfdf18818bb3408b151351a51440895525d62a55f157586a55032e40"},
    {file = "pyzstd-0.15.3-cp311-cp311-macosx_11_0_arm64.whl", hash = "sha256:a381a0d1f3e3fdb93460ae93c5c1057d894d436c5d97b2c2bf8f015d28632afe"},
    {file = "pyzstd-0.15.3-cp311-cp311-manylinux_2_17_aarch64.manylinux2014_aarch64.whl", hash = "sha256:b087a31541d81d0fc5769f95dda8c5a45e50d9c67098c643d5cd55d565b6441b"},
    {file = "pyzstd-0.15.3-cp311-cp311-manylinux_2_17_ppc64le.manylinux2014_ppc64le.whl", hash = "sha256:a91a8d60a3a42e920d3ed02b327010c670ce83c6c79206657af3f6a61dde418c"},
    {file = "pyzstd-0.15.3-cp311-cp311-manylinux_2_17_s390x.manylinux2014_s390x.whl", hash = "sha256:e11bdfe4478449244eb2d677c8881a80ae94ae08cded8051e82c73d6725fde17"},
    {file = "pyzstd-0.15.3-cp311-cp311-manylinux_2_17_x86_64.manylinux2014_x86_64.whl", hash = "sha256:23cad4e6b6760de73f952312c0770069876358122a7e8e296183d833cbf465c5"},
    {file = "pyzstd-0.15.3-cp311-cp311-manylinux_2_5_i686.manylinux1_i686.manylinux_2_17_i686.manylinux2014_i686.whl", hash = "sha256:d1631cc546c30da82b4bfb07bfc53aa46ce765800c4c839aabdd9df0f49c6bf6"},
    {file = "pyzstd-0.15.3-cp311-cp311-musllinux_1_1_aarch64.whl", hash = "sha256:35f1aa7c87b613a09fba9b6cfc1b6fbeddeee8fd1b3ba25facabdb53fa1b17fe"},
    {file = "pyzstd-0.15.3-cp311-cp311-musllinux_1_1_i686.whl", hash = "sha256:49b27434e7d247a8326713f4a30d8d2447120e5f8b523400df1b5274b6a721e6"},
    {file = "pyzstd-0.15.3-cp311-cp311-musllinux_1_1_ppc64le.whl", hash = "sha256:9253059f2ae2721405e9f45b34f907ab29f6e671e2bfda1593c3114a46673bed"},
    {file = "pyzstd-0.15.3-cp311-cp311-musllinux_1_1_s390x.whl", hash = "sha256:5367743837ca7f46fbbdbb0faafc3e99b22bb6132fe78cf40892b8ba10367b5b"},
    {file = "pyzstd-0.15.3-cp311-cp311-musllinux_1_1_x86_64.whl", hash = "sha256:8d7af343043d27330caa915a942fc6579b7360d5fce7a1065476c846f9988a0f"},
    {file = "pyzstd-0.15.3-cp311-cp311-win32.whl", hash = "sha256:df7c22c019249031da18ca350e087c8357576cfaf2970be6cc6e5b9604a4255f"},
    {file = "pyzstd-0.15.3-cp311-cp311-win_amd64.whl", hash = "sha256:b543ae7a2449caa96fe4427fb83e0b004a9f4ca9fd943edf8296a73dfa7c0a69"},
    {file = "pyzstd-0.15.3-cp36-cp36m-macosx_10_9_x86_64.whl", hash = "sha256:b68c2f51a8c6dd9bc66e7bba8e59e99c2a91112ec75c18e53a880b2dbc6e8e68"},
    {file = "pyzstd-0.15.3-cp36-cp36m-manylinux_2_17_aarch64.manylinux2014_aarch64.whl", hash = "sha256:3b0576ce2165a3a95b222e6514013105218d56b81857a1b694514eb63fbbdc5a"},
    {file = "pyzstd-0.15.3-cp36-cp36m-manylinux_2_17_ppc64le.manylinux2014_ppc64le.whl", hash = "sha256:a6fe2fad80743e60f969b02f9ab056f8a005974d5c34f1a9b3eca1df8f56b756"},
    {file = "pyzstd-0.15.3-cp36-cp36m-manylinux_2_17_s390x.manylinux2014_s390x.whl", hash = "sha256:5ae0e5532bb41e830c257dec2abfe94bf8ab09afebe7ecf710d6d3cfa35d6aea"},
    {file = "pyzstd-0.15.3-cp36-cp36m-manylinux_2_17_x86_64.manylinux2014_x86_64.whl", hash = "sha256:bd5eee632a69c8c0ab78215cae44f9944d906771622564f2a90fd7374739eeb5"},
    {file = "pyzstd-0.15.3-cp36-cp36m-manylinux_2_5_i686.manylinux1_i686.manylinux_2_17_i686.manylinux2014_i686.whl", hash = "sha256:dadd0cbeda15cf89abcd814b5478f1f17e22444113d35428cd62d0b651a35a19"},
    {file = "pyzstd-0.15.3-cp36-cp36m-manylinux_2_5_x86_64.manylinux1_x86_64.manylinux_2_12_x86_64.manylinux2010_x86_64.whl", hash = "sha256:36754d70db264943ad9cb21a5130d3bce9d62ac98a645a2d90adfb9cd548eb21"},
    {file = "pyzstd-0.15.3-cp36-cp36m-musllinux_1_1_aarch64.whl", hash = "sha256:761bcbf2aa04fcf33fee3e114d832b0858dfefb6824ce585757e7b793a0b2deb"},
    {file = "pyzstd-0.15.3-cp36-cp36m-musllinux_1_1_i686.whl", hash = "sha256:3e7fb44fd42abf6db9850f27662763c52f2f282851c7a5af790655cf593016ce"},
    {file = "pyzstd-0.15.3-cp36-cp36m-musllinux_1_1_ppc64le.whl", hash = "sha256:b81786383dcc62e1bc40055e14f268a6bea5818b63efbfb4514083e91f3ba111"},
    {file = "pyzstd-0.15.3-cp36-cp36m-musllinux_1_1_s390x.whl", hash = "sha256:3e073dbbb16c2c815299037134c697f044bae142ca02142a10cb72de874580ea"},
    {file = "pyzstd-0.15.3-cp36-cp36m-musllinux_1_1_x86_64.whl", hash = "sha256:04cbf37ac09ca272143dff90d54f4856869bdd3b40eb262f625e4cc785efdd3b"},
    {file = "pyzstd-0.15.3-cp36-cp36m-win32.whl", hash = "sha256:4d7e876fea4ded82233c2fc2df4c56b00433db351bb21f401507e7dea7c16819"},
    {file = "pyzstd-0.15.3-cp36-cp36m-win_amd64.whl", hash = "sha256:4fb7d0267a025509b22c1eaa4110563aa60ca27ca4cab24e3aac7a8770ce944b"},
    {file = "pyzstd-0.15.3-cp37-cp37m-macosx_10_9_x86_64.whl", hash = "sha256:287b3f15d1f473674b3689fda5c7143b396d5dd53360b450560823485dbfdd8e"},
    {file = "pyzstd-0.15.3-cp37-cp37m-manylinux_2_17_aarch64.manylinux2014_aarch64.whl", hash = "sha256:6b840c7056759da13f8634856945f2b6855335b7e759ee27003f4c42c57676d8"},
    {file = "pyzstd-0.15.3-cp37-cp37m-manylinux_2_17_ppc64le.manylinux2014_ppc64le.whl", hash = "sha256:d1310deeb8af68a0c1b32b069776b4352c7e5f2d8ac60f79955606c49a9852bc"},
    {file = "pyzstd-0.15.3-cp37-cp37m-manylinux_2_17_s390x.manylinux2014_s390x.whl", hash = "sha256:30e58666f97cbfea43e12d93b482a86d1e79771609dbb8f095d30a0cbb69d0d6"},
    {file = "pyzstd-0.15.3-cp37-cp37m-manylinux_2_17_x86_64.manylinux2014_x86_64.whl", hash = "sha256:66f9de313d1ba7746d61698c14573f597b5a9d562041828139a3eecd62efa240"},
    {file = "pyzstd-0.15.3-cp37-cp37m-manylinux_2_5_i686.manylinux1_i686.manylinux_2_17_i686.manylinux2014_i686.whl", hash = "sha256:c0c84b349b4dbabbc1e004b80b1cfcb8dc78442c10a81636dfa9ee94c028ed9b"},
    {file = "pyzstd-0.15.3-cp37-cp37m-manylinux_2_5_x86_64.manylinux1_x86_64.manylinux_2_12_x86_64.manylinux2010_x86_64.whl", hash = "sha256:3e8e11d7503f48a6d46d5962c953f17f12b7e001af9c64d58d3ab195981066cc"},
    {file = "pyzstd-0.15.3-cp37-cp37m-musllinux_1_1_aarch64.whl", hash = "sha256:d7204054567bd41e57f10f9134c4210edbb9eab9cea55e9081dd388461b2c794"},
    {file = "pyzstd-0.15.3-cp37-cp37m-musllinux_1_1_i686.whl", hash = "sha256:eb27499fab77ce5838d42067a964b454b5784913e6fa0e1e6841e3b183c11154"},
    {file = "pyzstd-0.15.3-cp37-cp37m-musllinux_1_1_ppc64le.whl", hash = "sha256:23903d2da8b650358ce67c4a2125e8d1d9a7c9ebf959011832dcb2779f7fb51c"},
    {file = "pyzstd-0.15.3-cp37-cp37m-musllinux_1_1_s390x.whl", hash = "sha256:d41a41e81f66002eed7e0df49ee2893b41068c1866612f59fe2751823a1c650c"},
    {file = "pyzstd-0.15.3-cp37-cp37m-musllinux_1_1_x86_64.whl", hash = "sha256:86f56db8a082da130d1ca67e9181bcf42deab75527b3f2a35e5e6144f3f0691a"},
    {file = "pyzstd-0.15.3-cp37-cp37m-win32.whl", hash = "sha256:a10ef9ab262f117a379158cd2ff262caf48ec4e35f54554a971bfa698a33a530"},
    {file = "pyzstd-0.15.3-cp37-cp37m-win_amd64.whl", hash = "sha256:48e81e5e4f315164790163ff503b0dce7b4ad519cc954215033c683d0fd0f9cd"},
    {file = "pyzstd-0.15.3-cp38-cp38-macosx_10_9_x86_64.whl", hash = "sha256:7fc780a067b3754b913268481aa0bd9d80cac1d2a9c1e1c7abb7102ab4726903"},
    {file = "pyzstd-0.15.3-cp38-cp38-macosx_11_0_arm64.whl", hash = "sha256:db69b7bf80935d3c3da0dff4000e8a94f0224f98c312914190af79932ae421d5"},
    {file = "pyzstd-0.15.3-cp38-cp38-manylinux_2_17_aarch64.manylinux2014_aarch64.whl", hash = "sha256:ed0826eab6ab133b8f8bb0369d76e546dad70a94b372b6d6351ba8320ec33615"},
    {file = "pyzstd-0.15.3-cp38-cp38-manylinux_2_17_ppc64le.manylinux2014_ppc64le.whl", hash = "sha256:0faf892a3f20258da72fd83ad0b394e8ebcbe3a637735870528529f3aef3c676"},
    {file = "pyzstd-0.15.3-cp38-cp38-manylinux_2_17_s390x.manylinux2014_s390x.whl", hash = "sha256:4e4694db47c8816c499d7d4240abcec5154a227f454a30041de5632faef11a41"},
    {file = "pyzstd-0.15.3-cp38-cp38-manylinux_2_17_x86_64.manylinux2014_x86_64.whl", hash = "sha256:539f0157f2283e395a503022aab915a9f1577fd97d92ed27b85adceeaea3d24c"},
    {file = "pyzstd-0.15.3-cp38-cp38-manylinux_2_5_i686.manylinux1_i686.manylinux_2_17_i686.manylinux2014_i686.whl", hash = "sha256:e887757277409fd02535d24dc0bfc48aa3b8c1990b0451dcb5157776c64cf0d3"},
    {file = "pyzstd-0.15.3-cp38-cp38-manylinux_2_5_x86_64.manylinux1_x86_64.manylinux_2_12_x86_64.manylinux2010_x86_64.whl", hash = "sha256:650fce9212410fdc82f1cb32d562e89f6dd1480d1cdbc0769e09235e236317c2"},
    {file = "pyzstd-0.15.3-cp38-cp38-musllinux_1_1_aarch64.whl", hash = "sha256:17de64690976caf4a355da8a9b06d6ad55b424899e7cf305c6b08b96c8b764f4"},
    {file = "pyzstd-0.15.3-cp38-cp38-musllinux_1_1_i686.whl", hash = "sha256:8cd3792aa54a6c4933d2b63e90252220d8f8347e424f39c5eaec10f3bc415f10"},
    {file = "pyzstd-0.15.3-cp38-cp38-musllinux_1_1_ppc64le.whl", hash = "sha256:4e92706f6f579d78768f942cde4359195fc2750e58c4bf3c1c91929693e10fd0"},
    {file = "pyzstd-0.15.3-cp38-cp38-musllinux_1_1_s390x.whl", hash = "sha256:4fa699945cbd1316657550c00e1fa998c1ab6df5e0aff60254b0eb768be38003"},
    {file = "pyzstd-0.15.3-cp38-cp38-musllinux_1_1_x86_64.whl", hash = "sha256:c3604d118493f2c09d387f9e569c2ebc71f07be148f57397bd485773945f192f"},
    {file = "pyzstd-0.15.3-cp38-cp38-win32.whl", hash = "sha256:11bcf59b869abc10cf7cd872bd3d113642c94e92a5b68fe990154945096f8c4e"},
    {file = "pyzstd-0.15.3-cp38-cp38-win_amd64.whl", hash = "sha256:3ad35fd4de3591d8c538fe1fc4192a5cfc8715727dd9d7bedf6aceae67ff3408"},
    {file = "pyzstd-0.15.3-cp39-cp39-macosx_10_9_x86_64.whl", hash = "sha256:041bc30b7c47e52ee418786fa806fbe42094f990353d3e685a9c96ed6a4d2212"},
    {file = "pyzstd-0.15.3-cp39-cp39-macosx_11_0_arm64.whl", hash = "sha256:a08887c9ea43f5b08f2c33dd92ffc8a26afb9d9e23e8cebc962bbba134719f3c"},
    {file = "pyzstd-0.15.3-cp39-cp39-manylinux_2_17_aarch64.manylinux2014_aarch64.whl", hash = "sha256:e33e9367f32c2422bbf1a33a4e965e5e2d076eb4042f97971b6acd19c0a16ae6"},
    {file = "pyzstd-0.15.3-cp39-cp39-manylinux_2_17_ppc64le.manylinux2014_ppc64le.whl", hash = "sha256:0134944e00345f89657716aca9a1d2280bef69aca7a0cd326dd10d33f3caae78"},
    {file = "pyzstd-0.15.3-cp39-cp39-manylinux_2_17_s390x.manylinux2014_s390x.whl", hash = "sha256:67a9f383ee8054a72e7389ba51b131cd5acf26c3c8137e45a460d30d350da3ac"},
    {file = "pyzstd-0.15.3-cp39-cp39-manylinux_2_17_x86_64.manylinux2014_x86_64.whl", hash = "sha256:66ffba0844b84b742764455244e582f24a172390d8e1f479900fa549b2acc96a"},
    {file = "pyzstd-0.15.3-cp39-cp39-manylinux_2_5_i686.manylinux1_i686.manylinux_2_17_i686.manylinux2014_i686.whl", hash = "sha256:0bdedc13c0d67aaaa706310eb41248fb78e7bd3fdf335d2de8fdeb2d71574645"},
    {file = "pyzstd-0.15.3-cp39-cp39-manylinux_2_5_x86_64.manylinux1_x86_64.manylinux_2_12_x86_64.manylinux2010_x86_64.whl", hash = "sha256:9ddc5a9ef8b09241fff58bbcb780bffaf85437d29ce516f2ac522c3c6d9f5fee"},
    {file = "pyzstd-0.15.3-cp39-cp39-musllinux_1_1_aarch64.whl", hash = "sha256:2b368e6f601824401d3f5e5f78319bb09b0d6d1c0d23175f71b82739de9d2218"},
    {file = "pyzstd-0.15.3-cp39-cp39-musllinux_1_1_i686.whl", hash = "sha256:1eb94243194db49c8d1d7ffdc51982d88459cb74b4ac5a6ecd64313a93927cf3"},
    {file = "pyzstd-0.15.3-cp39-cp39-musllinux_1_1_ppc64le.whl", hash = "sha256:9d1688fc5cd6c32cf648e6e86162b5f2a9bddfc317deb19893c0d53fa15145f4"},
    {file = "pyzstd-0.15.3-cp39-cp39-musllinux_1_1_s390x.whl", hash = "sha256:0a4e098058d8262f33ab550eed3824bb9f044a62120c17f0bf886529b32bf1cc"},
    {file = "pyzstd-0.15.3-cp39-cp39-musllinux_1_1_x86_64.whl", hash = "sha256:089e70d146d3d37cd1c8adbdb8700311752a2d3ad42323037c5fb4032a00f7f7"},
    {file = "pyzstd-0.15.3-cp39-cp39-win32.whl", hash = "sha256:6e486d38fd247fdecde5bafe4af47a6e583c46c0a0c34c098e4d8a291603a2f8"},
    {file = "pyzstd-0.15.3-cp39-cp39-win_amd64.whl", hash = "sha256:728be92bc42bdccfecef88fc93a56e6ea561919fe9e00a8ddccde644dc1ecc53"},
    {file = "pyzstd-0.15.3-pp37-pypy37_pp73-macosx_10_9_x86_64.whl", hash = "sha256:3cfe3961fef371f616255d36c5629b421ea1adf6eed341cc64223e84d544429f"},
    {file = "pyzstd-0.15.3-pp37-pypy37_pp73-manylinux_2_17_aarch64.manylinux2014_aarch64.whl", hash = "sha256:106928b5926ead3cee7a121d50568ffaac89966e31a061f3faa2ec2c9dad8904"},
    {file = "pyzstd-0.15.3-pp37-pypy37_pp73-manylinux_2_17_x86_64.manylinux2014_x86_64.whl", hash = "sha256:9f8378d0f0726d12bf01f52e2448725236b98b2e629e4b1183433274213eb576"},
    {file = "pyzstd-0.15.3-pp37-pypy37_pp73-manylinux_2_5_i686.manylinux1_i686.manylinux_2_17_i686.manylinux2014_i686.whl", hash = "sha256:4695713ced2d1b3e34ffbe644c9bd855e5eceb85d6bff6b113302a2878951e2b"},
    {file = "pyzstd-0.15.3-pp37-pypy37_pp73-manylinux_2_5_x86_64.manylinux1_x86_64.manylinux_2_12_x86_64.manylinux2010_x86_64.whl", hash = "sha256:6fb1866aead975ff17c8094819f361b015704a0fb01468b65b5a82d2686b75d1"},
    {file = "pyzstd-0.15.3-pp37-pypy37_pp73-win_amd64.whl", hash = "sha256:992823978523ee3107cc75ea5ed49907212e04dd4beb0f2e5b22587c8ed9e395"},
    {file = "pyzstd-0.15.3-pp38-pypy38_pp73-macosx_10_9_x86_64.whl", hash = "sha256:10edcb025eade0b92ecc3d801094b0511b5484c78cf43ac9b68be7d27710ba77"},
    {file = "pyzstd-0.15.3-pp38-pypy38_pp73-manylinux_2_17_aarch64.manylinux2014_aarch64.whl", hash = "sha256:7bd4c60832749e34b23bd2e652d233c0283cff71a68f54f015f12bd682b780c4"},
    {file = "pyzstd-0.15.3-pp38-pypy38_pp73-manylinux_2_17_x86_64.manylinux2014_x86_64.whl", hash = "sha256:1bb599d2a4275f5708216fd701756b956233f4cccd576bc3e10f7114e69779c2"},
    {file = "pyzstd-0.15.3-pp38-pypy38_pp73-manylinux_2_5_i686.manylinux1_i686.manylinux_2_17_i686.manylinux2014_i686.whl", hash = "sha256:71ad945b118ef231b0e7475ed998c9b4b62af8964e73510b66a2a71fbd977109"},
    {file = "pyzstd-0.15.3-pp38-pypy38_pp73-manylinux_2_5_x86_64.manylinux1_x86_64.manylinux_2_12_x86_64.manylinux2010_x86_64.whl", hash = "sha256:d4f972628947451154285a460aad40626301b269b949f205467a1947003583f6"},
    {file = "pyzstd-0.15.3-pp38-pypy38_pp73-win_amd64.whl", hash = "sha256:ba2775501b126a3edec424a29d2afabdd6e65b36991c404ec29cbde713b1cfb0"},
    {file = "pyzstd-0.15.3-pp39-pypy39_pp73-macosx_10_9_x86_64.whl", hash = "sha256:d265e6c92fda25059452c604fa407c35d3a6ae51416b874c37f7c7bbccc4c1c7"},
    {file = "pyzstd-0.15.3-pp39-pypy39_pp73-manylinux_2_17_aarch64.manylinux2014_aarch64.whl", hash = "sha256:0ef8e9886c96d59d9357a30b06862fd29887c9de8652454de4cc5d021d706ff9"},
    {file = "pyzstd-0.15.3-pp39-pypy39_pp73-manylinux_2_17_x86_64.manylinux2014_x86_64.whl", hash = "sha256:73dfdd5b9ceea88b53ae2896054bc6b1e6e7e5d4c04b9a4a8c800d85a6b62056"},
    {file = "pyzstd-0.15.3-pp39-pypy39_pp73-manylinux_2_5_i686.manylinux1_i686.manylinux_2_17_i686.manylinux2014_i686.whl", hash = "sha256:33e94fbccea132044ffbd3523a376c1de5afb521ecfd54f44de4ac8d3681dddb"},
    {file = "pyzstd-0.15.3-pp39-pypy39_pp73-win_amd64.whl", hash = "sha256:c0fbef0dbe12a34b8c1eb980c18ea39c432565a77922bc692eeb666fa77fe97b"},
    {file = "pyzstd-0.15.3.tar.gz", hash = "sha256:ac4edab5d3955343e8f7f287e62cd2882907d46bcba4b406a1e9f84aa2887472"},
]
rocksdb = []
setuptools = [
    {file = "setuptools-65.5.0-py3-none-any.whl", hash = "sha256:f62ea9da9ed6289bfe868cd6845968a2c854d1427f8548d52cae02a42b4f0356"},
    {file = "setuptools-65.5.0.tar.gz", hash = "sha256:512e5536220e38146176efb833d4a62aa726b7bbff82cfbc8ba9eaa3996e0b17"},
]
tomli = [
    {file = "tomli-2.0.1-py3-none-any.whl", hash = "sha256:939de3e7a6161af0c887ef91b7d41a53e7c5a1ca976325f429cb46ea9bc30ecc"},
    {file = "tomli-2.0.1.tar.gz", hash = "sha256:de526c12914f0c550d15924c62d72abc48d6fe7364aa87328337a31007fe8a4f"},
]
