[[package]]
name = "attrs"
version = "22.1.0"
description = "Classes Without Boilerplate"
category = "dev"
optional = false
python-versions = ">=3.5"

[package.extras]
dev = ["cloudpickle", "coverage[toml] (>=5.0.2)", "furo", "hypothesis", "mypy (>=0.900,!=0.940)", "pre-commit", "pympler", "pytest (>=4.3.0)", "pytest-mypy-plugins", "sphinx", "sphinx-notfound-page", "zope.interface"]
docs = ["furo", "sphinx", "sphinx-notfound-page", "zope.interface"]
tests = ["cloudpickle", "coverage[toml] (>=5.0.2)", "hypothesis", "mypy (>=0.900,!=0.940)", "pympler", "pytest (>=4.3.0)", "pytest-mypy-plugins", "zope.interface"]
tests-no-zope = ["cloudpickle", "coverage[toml] (>=5.0.2)", "hypothesis", "mypy (>=0.900,!=0.940)", "pympler", "pytest (>=4.3.0)", "pytest-mypy-plugins"]

[[package]]
name = "click"
version = "8.1.3"
description = "Composable command line interface toolkit"
category = "main"
optional = false
python-versions = ">=3.7"

[package.dependencies]
colorama = {version = "*", markers = "platform_system == \"Windows\""}

[[package]]
name = "colorama"
version = "0.4.6"
description = "Cross-platform colored terminal text."
category = "main"
optional = false
python-versions = "!=3.0.*,!=3.1.*,!=3.2.*,!=3.3.*,!=3.4.*,!=3.5.*,!=3.6.*,>=2.7"

[[package]]
name = "cprotobuf"
version = "0.1.11"
description = "pythonic and high performance protocol buffer implementation."
category = "main"
optional = false
python-versions = "*"

[[package]]
name = "hexbytes"
version = "0.3.0"
description = "hexbytes: Python `bytes` subclass that decodes hex, with a readable console output"
category = "main"
optional = false
python-versions = ">=3.7, <4"

[package.extras]
dev = ["Sphinx (>=4.0.0,<5)", "black (>=22,<23)", "bumpversion (>=0.5.3,<1)", "eth-utils (>=1.0.1,<3)", "flake8 (==3.7.9)", "hypothesis (>=3.44.24,<=6.31.6)", "ipython", "isort (>=4.2.15,<5)", "mypy (==0.971)", "pydocstyle (>=5.0.0,<6)", "pytest (>=7,<8)", "pytest-watch (>=4.1.0,<5)", "pytest-xdist", "sphinx-rtd-theme (>=0.1.9,<1)", "towncrier (>=21,<22)", "tox (>=3.25.1,<4)", "twine", "wheel"]
doc = ["Sphinx (>=4.0.0,<5)", "sphinx-rtd-theme (>=0.1.9,<1)", "towncrier (>=21,<22)"]
lint = ["black (>=22,<23)", "flake8 (==3.7.9)", "isort (>=4.2.15,<5)", "mypy (==0.971)", "pydocstyle (>=5.0.0,<6)"]
test = ["eth-utils (>=1.0.1,<3)", "hypothesis (>=3.44.24,<=6.31.6)", "pytest (>=7,<8)", "pytest-xdist", "tox (>=3.25.1,<4)"]

[[package]]
name = "iniconfig"
version = "1.1.1"
description = "iniconfig: brain-dead simple config-ini parsing"
category = "dev"
optional = false
python-versions = "*"

[[package]]
name = "lmdb"
version = "1.3.0"
description = "Universal Python binding for the LMDB 'Lightning' Database"
category = "main"
optional = false
python-versions = "*"

[[package]]
name = "packaging"
version = "21.3"
description = "Core utilities for Python packages"
category = "dev"
optional = false
python-versions = ">=3.6"

[package.dependencies]
pyparsing = ">=2.0.2,<3.0.5 || >3.0.5"

[[package]]
name = "pluggy"
version = "1.0.0"
description = "plugin and hook calling mechanisms for python"
category = "dev"
optional = false
python-versions = ">=3.6"

[package.extras]
dev = ["pre-commit", "tox"]
testing = ["pytest", "pytest-benchmark"]

[[package]]
name = "plyvel"
version = "1.5.0"
description = "Plyvel, a fast and feature-rich Python interface to LevelDB"
category = "dev"
optional = false
python-versions = "*"

[[package]]
name = "py"
version = "1.11.0"
description = "library with cross-python path, ini-parsing, io, code, log facilities"
category = "dev"
optional = false
python-versions = ">=2.7, !=3.0.*, !=3.1.*, !=3.2.*, !=3.3.*, !=3.4.*"

[[package]]
name = "pyparsing"
version = "3.0.9"
description = "pyparsing module - Classes and methods to define and execute parsing grammars"
category = "dev"
optional = false
python-versions = ">=3.6.8"

[package.extras]
diagrams = ["jinja2", "railroad-diagrams"]

[[package]]
name = "pytest"
version = "7.1.3"
description = "pytest: simple powerful testing with Python"
category = "dev"
optional = false
python-versions = ">=3.7"

[package.dependencies]
attrs = ">=19.2.0"
colorama = {version = "*", markers = "sys_platform == \"win32\""}
iniconfig = "*"
packaging = "*"
pluggy = ">=0.12,<2.0"
py = ">=1.8.2"
tomli = ">=1.0.0"

[package.extras]
testing = ["argcomplete", "hypothesis (>=3.56)", "mock", "nose", "pygments (>=2.7.2)", "requests", "xmlschema"]

[[package]]
name = "python-snappy"
version = "0.6.1"
description = "Python library for the snappy compression library from Google"
category = "main"
optional = false
python-versions = "*"

[[package]]
name = "rocksdb"
version = "0.9.1"
description = ""
category = "dev"
optional = false
python-versions = "*"
develop = false

[package.dependencies]
setuptools = ">=25"

[package.extras]
doc = ["sphinx", "sphinx_rtd_theme"]
test = ["pytest"]

[package.source]
type = "git"
url = "https://github.com/HathorNetwork/python-rocksdb.git"
reference = "master"
resolved_reference = "947f68a80d97c4a5621ee681ae01602ebd883f3a"

[[package]]
name = "setuptools"
version = "65.5.0"
description = "Easily download, build, install, upgrade, and uninstall Python packages"
category = "dev"
optional = false
python-versions = ">=3.7"

[package.extras]
docs = ["furo", "jaraco.packaging (>=9)", "jaraco.tidelift (>=1.4)", "pygments-github-lexers (==0.0.5)", "rst.linker (>=1.9)", "sphinx (>=3.5)", "sphinx-favicon", "sphinx-hoverxref (<2)", "sphinx-inline-tabs", "sphinx-notfound-page (==0.8.3)", "sphinx-reredirects", "sphinxcontrib-towncrier"]
testing = ["build[virtualenv]", "filelock (>=3.4.0)", "flake8 (<5)", "flake8-2020", "ini2toml[lite] (>=0.9)", "jaraco.envs (>=2.2)", "jaraco.path (>=3.2.0)", "mock", "pip (>=19.1)", "pip-run (>=8.8)", "pytest (>=6)", "pytest-black (>=0.3.7)", "pytest-checkdocs (>=2.4)", "pytest-cov", "pytest-enabler (>=1.3)", "pytest-flake8", "pytest-mypy (>=0.9.1)", "pytest-perf", "pytest-xdist", "tomli-w (>=1.0.0)", "virtualenv (>=13.0.0)", "wheel"]
testing-integration = ["build[virtualenv]", "filelock (>=3.4.0)", "jaraco.envs (>=2.2)", "jaraco.path (>=3.2.0)", "pytest", "pytest-enabler", "pytest-xdist", "tomli", "virtualenv (>=13.0.0)", "wheel"]

[[package]]
name = "tomli"
version = "2.0.1"
description = "A lil' TOML parser"
category = "dev"
optional = false
python-versions = ">=3.7"

[metadata]
lock-version = "1.1"
python-versions = "^3.10"
content-hash = "5ea6adca3dbb360ac5f261e60b955b3cfd12c64d0290c6c125cfbe88f3a9848e"

[metadata.files]
attrs = [
    {file = "attrs-22.1.0-py2.py3-none-any.whl", hash = "sha256:86efa402f67bf2df34f51a335487cf46b1ec130d02b8d39fd248abfd30da551c"},
    {file = "attrs-22.1.0.tar.gz", hash = "sha256:29adc2665447e5191d0e7c568fde78b21f9672d344281d0c6e1ab085429b22b6"},
]
click = [
    {file = "click-8.1.3-py3-none-any.whl", hash = "sha256:bb4d8133cb15a609f44e8213d9b391b0809795062913b383c62be0ee95b1db48"},
    {file = "click-8.1.3.tar.gz", hash = "sha256:7682dc8afb30297001674575ea00d1814d808d6a36af415a82bd481d37ba7b8e"},
]
colorama = [
    {file = "colorama-0.4.6-py2.py3-none-any.whl", hash = "sha256:4f1d9991f5acc0ca119f9d443620b77f9d6b33703e51011c16baf57afb285fc6"},
    {file = "colorama-0.4.6.tar.gz", hash = "sha256:08695f5cb7ed6e0531a20572697297273c47b8cae5a63ffc6d6ed5c201be6e44"},
]
cprotobuf = [
    {file = "cprotobuf-0.1.11.tar.gz", hash = "sha256:d2d88c8de840275205e64e530052c653dd25a0fb9e5cd9f7e39ce8f762d7c0a4"},
]
hexbytes = [
    {file = "hexbytes-0.3.0-py3-none-any.whl", hash = "sha256:21c3a5bd00a383097f0369c387174e79839d75c4ccc3a7edda315c9644f4458a"},
    {file = "hexbytes-0.3.0.tar.gz", hash = "sha256:afeebfb800f5f15a3ca5bab52e49eabcb4b6dac06ec8ff01a94fdb890c6c0712"},
]
iniconfig = [
    {file = "iniconfig-1.1.1-py2.py3-none-any.whl", hash = "sha256:011e24c64b7f47f6ebd835bb12a743f2fbe9a26d4cecaa7f53bc4f35ee9da8b3"},
    {file = "iniconfig-1.1.1.tar.gz", hash = "sha256:bc3af051d7d14b2ee5ef9969666def0cd1a000e121eaea580d4a313df4b37f32"},
]
lmdb = [
    {file = "lmdb-1.3.0-cp27-cp27m-macosx_10_14_x86_64.whl", hash = "sha256:63cb73fe7ce9eb93d992d632c85a0476b4332670d9e6a2802b5062f603b7809f"},
    {file = "lmdb-1.3.0-cp310-cp310-macosx_10_14_x86_64.whl", hash = "sha256:abbc439cd9fe60ffd6197009087ea885ac150017dc85384093b1d376f83f0ec4"},
    {file = "lmdb-1.3.0-cp310-cp310-manylinux_2_12_x86_64.manylinux2010_x86_64.whl", hash = "sha256:6260a526e4ad85b1f374a5ba9475bf369fb07e7728ea6ec57226b02c40d1976b"},
    {file = "lmdb-1.3.0-cp310-cp310-manylinux_2_17_aarch64.manylinux2014_aarch64.whl", hash = "sha256:e568ae0887ae196340947d9800136e90feaed6b86a261ef01f01b2ba65fc8106"},
    {file = "lmdb-1.3.0-cp310-cp310-win_amd64.whl", hash = "sha256:d6a816954d212f40fd15007cd81ab7a6bebb77436d949a6a9ae04af57fc127f3"},
    {file = "lmdb-1.3.0-cp35-cp35m-macosx_10_14_x86_64.whl", hash = "sha256:fa6439356e591d3249ab0e1778a6f8d8408e993f66dc911914c78208f5310309"},
    {file = "lmdb-1.3.0-cp35-cp35m-win_amd64.whl", hash = "sha256:c6adbd6f7f9048e97f31a069e652eb51020a81e80a0ce92dbb9810d21da2409a"},
    {file = "lmdb-1.3.0-cp36-cp36m-macosx_10_14_x86_64.whl", hash = "sha256:eefb392f6b5cd43aada49258c5a79be11cb2c8cd3fc3e2d9319a1e0b9f906458"},
    {file = "lmdb-1.3.0-cp36-cp36m-manylinux_2_12_x86_64.manylinux2010_x86_64.whl", hash = "sha256:5a14aca2651c3af6f0d0a6b9168200eea0c8f2d27c40b01a442f33329a6e8dff"},
    {file = "lmdb-1.3.0-cp36-cp36m-manylinux_2_17_aarch64.manylinux2014_aarch64.whl", hash = "sha256:2cfa4aa9c67f8aee89b23005e98d1f3f32490b6b905fd1cb604b207cbd5755ab"},
    {file = "lmdb-1.3.0-cp36-cp36m-win_amd64.whl", hash = "sha256:7da05d70fcc6561ac6b09e9fb1bf64b7ca294652c64c8a2889273970cee796b9"},
    {file = "lmdb-1.3.0-cp37-cp37m-macosx_10_14_x86_64.whl", hash = "sha256:008243762decf8f6c90430a9bced56290ebbcdb5e877d90e42343bb97033e494"},
    {file = "lmdb-1.3.0-cp37-cp37m-manylinux_2_12_x86_64.manylinux2010_x86_64.whl", hash = "sha256:17215a42a4b9814c383deabecb160581e4fb75d00198eef0e3cea54f230ffbea"},
    {file = "lmdb-1.3.0-cp37-cp37m-manylinux_2_17_aarch64.manylinux2014_aarch64.whl", hash = "sha256:65334eafa5d430b18d81ebd5362559a41483c362e1931f6e1b15bab2ecb7d75d"},
    {file = "lmdb-1.3.0-cp37-cp37m-win_amd64.whl", hash = "sha256:18c69fabdaf04efaf246587739cc1062b3e57c6ef0743f5c418df89e5e7e7b9b"},
    {file = "lmdb-1.3.0-cp38-cp38-macosx_10_14_x86_64.whl", hash = "sha256:41318717ab5d15ad2d6d263d34fbf614a045210f64b25e59ce734bb2105e421f"},
    {file = "lmdb-1.3.0-cp38-cp38-manylinux_2_12_x86_64.manylinux2010_x86_64.whl", hash = "sha256:df2724bad7820114a205472994091097d0fa65a3e5fff5a8e688d123fb8c6326"},
    {file = "lmdb-1.3.0-cp38-cp38-manylinux_2_17_aarch64.manylinux2014_aarch64.whl", hash = "sha256:5ddd590e1c7fcb395931aa3782fb89b9db4550ab2d81d006ecd239e0d462bc41"},
    {file = "lmdb-1.3.0-cp38-cp38-win_amd64.whl", hash = "sha256:4172fba19417d7b29409beca7d73c067b54e5d8ab1fb9b51d7b4c1445d20a167"},
    {file = "lmdb-1.3.0-cp39-cp39-macosx_10_14_x86_64.whl", hash = "sha256:2df38115dd9428a54d59ae7c712a4c7cce0d6b1d66056de4b1a8c38718066106"},
    {file = "lmdb-1.3.0-cp39-cp39-manylinux_2_12_x86_64.manylinux2010_x86_64.whl", hash = "sha256:d9103aa4908f0bca43c5911ca067d4e3d01f682dff0c0381a1239bd2bd757984"},
    {file = "lmdb-1.3.0-cp39-cp39-manylinux_2_17_aarch64.manylinux2014_aarch64.whl", hash = "sha256:394df860c3f93cfd92b6f4caba785f38208cc9614c18b3803f83a2cc1695042f"},
    {file = "lmdb-1.3.0-cp39-cp39-win_amd64.whl", hash = "sha256:62ab28e3593bdc318ea2f2fa1574e5fca3b6d1f264686d773ba54a637d4f563b"},
    {file = "lmdb-1.3.0-pp27-pypy_73-macosx_10_7_x86_64.whl", hash = "sha256:e6a704b3baced9182836c7f77b769f23856f3a8f62d0282b1bc1feaf81a86712"},
    {file = "lmdb-1.3.0-pp27-pypy_73-win_amd64.whl", hash = "sha256:08f4b5129f4683802569b02581142e415c8dcc0ff07605983ec1b07804cecbad"},
    {file = "lmdb-1.3.0-pp36-pypy36_pp73-win32.whl", hash = "sha256:f291e3f561f58dddf63a92a5a6a4b8af3a0920b6705d35e2f80e52e86ee238a2"},
    {file = "lmdb-1.3.0.tar.gz", hash = "sha256:60a11efc21aaf009d06518996360eed346f6000bfc9de05114374230879f992e"},
]
packaging = [
    {file = "packaging-21.3-py3-none-any.whl", hash = "sha256:ef103e05f519cdc783ae24ea4e2e0f508a9c99b2d4969652eed6a2e1ea5bd522"},
    {file = "packaging-21.3.tar.gz", hash = "sha256:dd47c42927d89ab911e606518907cc2d3a1f38bbd026385970643f9c5b8ecfeb"},
]
pluggy = [
    {file = "pluggy-1.0.0-py2.py3-none-any.whl", hash = "sha256:74134bbf457f031a36d68416e1509f34bd5ccc019f0bcc952c7b909d06b37bd3"},
    {file = "pluggy-1.0.0.tar.gz", hash = "sha256:4224373bacce55f955a878bf9cfa763c1e360858e330072059e10bad68531159"},
]
plyvel = [
    {file = "plyvel-1.5.0-cp310-cp310-manylinux_2_17_x86_64.manylinux2014_x86_64.whl", hash = "sha256:92d949ec657f58e966ee5cc58ea51c436b61e43b86247656f1b6d4a987782a35"},
    {file = "plyvel-1.5.0-cp311-cp311-manylinux_2_17_x86_64.manylinux2014_x86_64.whl", hash = "sha256:48df7416267977641e9ff82a2bce022e6f5e91889eae95322685fccf6ec9a3d7"},
    {file = "plyvel-1.5.0-cp37-cp37m-manylinux_2_17_x86_64.manylinux2014_x86_64.whl", hash = "sha256:f3b5ddaaa7b019db805a74cba52c39d88dd6447add1cb2620b0195115e4aa68b"},
    {file = "plyvel-1.5.0-cp38-cp38-manylinux_2_17_x86_64.manylinux2014_x86_64.whl", hash = "sha256:c480b57848e31c2e47029d3fb0f57ad4fc6a9204867e51bbdcf81a62df75de4b"},
    {file = "plyvel-1.5.0-cp39-cp39-manylinux_2_17_x86_64.manylinux2014_x86_64.whl", hash = "sha256:cb217f52215ac715091396bcbaf645d4ef8eb4b5dd9f96ef01abc0aaed45e2ca"},
    {file = "plyvel-1.5.0.tar.gz", hash = "sha256:cd918e0b31690abcd3d202a8742caf951ab2fe1573de7af71c38456847f9202b"},
]
py = [
    {file = "py-1.11.0-py2.py3-none-any.whl", hash = "sha256:607c53218732647dff4acdfcd50cb62615cedf612e72d1724fb1a0cc6405b378"},
    {file = "py-1.11.0.tar.gz", hash = "sha256:51c75c4126074b472f746a24399ad32f6053d1b34b68d2fa41e558e6f4a98719"},
]
pyparsing = [
    {file = "pyparsing-3.0.9-py3-none-any.whl", hash = "sha256:5026bae9a10eeaefb61dab2f09052b9f4307d44aee4eda64b309723d8d206bbc"},
    {file = "pyparsing-3.0.9.tar.gz", hash = "sha256:2b020ecf7d21b687f219b71ecad3631f644a47f01403fa1d1036b0c6416d70fb"},
]
pytest = [
    {file = "pytest-7.1.3-py3-none-any.whl", hash = "sha256:1377bda3466d70b55e3f5cecfa55bb7cfcf219c7964629b967c37cf0bda818b7"},
    {file = "pytest-7.1.3.tar.gz", hash = "sha256:4f365fec2dff9c1162f834d9f18af1ba13062db0c708bf7b946f8a5c76180c39"},
]
python-snappy = [
    {file = "python-snappy-0.6.1.tar.gz", hash = "sha256:b6a107ab06206acc5359d4c5632bd9b22d448702a79b3169b0c62e0fb808bb2a"},
    {file = "python_snappy-0.6.1-cp310-cp310-macosx_10_9_universal2.whl", hash = "sha256:b7f920eaf46ebf41bd26f9df51c160d40f9e00b7b48471c3438cb8d027f7fb9b"},
    {file = "python_snappy-0.6.1-cp310-cp310-macosx_10_9_x86_64.whl", hash = "sha256:4ec533a8c1f8df797bded662ec3e494d225b37855bb63eb0d75464a07947477c"},
    {file = "python_snappy-0.6.1-cp310-cp310-manylinux_2_12_i686.manylinux2010_i686.whl", hash = "sha256:6f8bf4708a11b47517baf962f9a02196478bbb10fdb9582add4aa1459fa82380"},
    {file = "python_snappy-0.6.1-cp310-cp310-manylinux_2_12_x86_64.manylinux2010_x86_64.whl", hash = "sha256:8d0c019ee7dcf2c60e240877107cddbd95a5b1081787579bf179938392d66480"},
    {file = "python_snappy-0.6.1-cp310-cp310-manylinux_2_17_aarch64.manylinux2014_aarch64.whl", hash = "sha256:cb18d9cd7b3f35a2f5af47bb8ed6a5bdbf4f3ddee37f3daade4ab7864c292f5b"},
    {file = "python_snappy-0.6.1-cp310-cp310-manylinux_2_17_ppc64le.manylinux2014_ppc64le.whl", hash = "sha256:b265cde49774752aec9ca7f5d272e3f98718164afc85521622a8a5394158a2b5"},
    {file = "python_snappy-0.6.1-cp310-cp310-manylinux_2_17_s390x.manylinux2014_s390x.whl", hash = "sha256:d017775851a778ec9cc32651c4464079d06d927303c2dde9ae9830ccf6fe94e1"},
    {file = "python_snappy-0.6.1-cp310-cp310-win32.whl", hash = "sha256:8277d1f6282463c40761f802b742f833f9f2449fcdbb20a96579aa05c8feb614"},
    {file = "python_snappy-0.6.1-cp310-cp310-win_amd64.whl", hash = "sha256:2aaaf618c68d8c9daebc23a20436bd01b09ee70d7fbf7072b7f38b06d2fab539"},
    {file = "python_snappy-0.6.1-cp36-cp36m-macosx_10_9_x86_64.whl", hash = "sha256:277757d5dad4e239dc1417438a0871b65b1b155beb108888e7438c27ffc6a8cc"},
    {file = "python_snappy-0.6.1-cp36-cp36m-manylinux_2_12_i686.manylinux2010_i686.whl", hash = "sha256:e066a0586833d610c4bbddba0be5ba0e3e4f8e0bc5bb6d82103d8f8fc47bb59a"},
    {file = "python_snappy-0.6.1-cp36-cp36m-manylinux_2_12_x86_64.manylinux2010_x86_64.whl", hash = "sha256:0d489b50f49433494160c45048fe806de6b3aeab0586e497ebd22a0bab56e427"},
    {file = "python_snappy-0.6.1-cp36-cp36m-manylinux_2_17_aarch64.manylinux2014_aarch64.whl", hash = "sha256:463fd340a499d47b26ca42d2f36a639188738f6e2098c6dbf80aef0e60f461e1"},
    {file = "python_snappy-0.6.1-cp36-cp36m-manylinux_2_17_ppc64le.manylinux2014_ppc64le.whl", hash = "sha256:9837ac1650cc68d22a3cf5f15fb62c6964747d16cecc8b22431f113d6e39555d"},
    {file = "python_snappy-0.6.1-cp36-cp36m-manylinux_2_17_s390x.manylinux2014_s390x.whl", hash = "sha256:5e973e637112391f05581f427659c05b30b6843bc522a65be35ac7b18ce3dedd"},
    {file = "python_snappy-0.6.1-cp36-cp36m-win32.whl", hash = "sha256:c20498bd712b6e31a4402e1d027a1cd64f6a4a0066a3fe3c7344475886d07fdf"},
    {file = "python_snappy-0.6.1-cp36-cp36m-win_amd64.whl", hash = "sha256:59e975be4206cc54d0a112ef72fa3970a57c2b1bcc2c97ed41d6df0ebe518228"},
    {file = "python_snappy-0.6.1-cp37-cp37m-macosx_10_9_x86_64.whl", hash = "sha256:2a7e528ab6e09c0d67dcb61a1730a292683e5ff9bb088950638d3170cf2a0a54"},
    {file = "python_snappy-0.6.1-cp37-cp37m-manylinux_2_12_i686.manylinux2010_i686.whl", hash = "sha256:39692bedbe0b717001a99915ac0eb2d9d0bad546440d392a2042b96d813eede1"},
    {file = "python_snappy-0.6.1-cp37-cp37m-manylinux_2_12_x86_64.manylinux2010_x86_64.whl", hash = "sha256:6a7620404da966f637b9ce8d4d3d543d363223f7a12452a575189c5355fc2d25"},
    {file = "python_snappy-0.6.1-cp37-cp37m-manylinux_2_17_aarch64.manylinux2014_aarch64.whl", hash = "sha256:7778c224efc38a40d274da4eb82a04cac27aae20012372a7db3c4bbd8926c4d4"},
    {file = "python_snappy-0.6.1-cp37-cp37m-manylinux_2_17_ppc64le.manylinux2014_ppc64le.whl", hash = "sha256:1d029f7051ec1bbeaa3e03030b6d8ed47ceb69cae9016f493c802a08af54e026"},
    {file = "python_snappy-0.6.1-cp37-cp37m-manylinux_2_17_s390x.manylinux2014_s390x.whl", hash = "sha256:a0ad38bc98d0b0497a0b0dbc29409bcabfcecff4511ed7063403c86de16927bc"},
    {file = "python_snappy-0.6.1-cp37-cp37m-win32.whl", hash = "sha256:5a453c45178d7864c1bdd6bfe0ee3ed2883f63b9ba2c9bb967c6b586bf763f96"},
    {file = "python_snappy-0.6.1-cp37-cp37m-win_amd64.whl", hash = "sha256:9f0c0d88b84259f93c3aa46398680646f2c23e43394779758d9f739c34e15295"},
    {file = "python_snappy-0.6.1-cp38-cp38-macosx_10_9_universal2.whl", hash = "sha256:5bb05c28298803a74add08ba496879242ef159c75bc86a5406fac0ffc7dd021b"},
    {file = "python_snappy-0.6.1-cp38-cp38-macosx_10_9_x86_64.whl", hash = "sha256:9eac51307c6a1a38d5f86ebabc26a889fddf20cbba7a116ccb54ba1446601d5b"},
    {file = "python_snappy-0.6.1-cp38-cp38-manylinux_2_12_i686.manylinux2010_i686.whl", hash = "sha256:88b6ea78b83d2796f330b0af1b70cdd3965dbdab02d8ac293260ec2c8fe340ee"},
    {file = "python_snappy-0.6.1-cp38-cp38-manylinux_2_12_x86_64.manylinux2010_x86_64.whl", hash = "sha256:8c07220408d3268e8268c9351c5c08041bc6f8c6172e59d398b71020df108541"},
    {file = "python_snappy-0.6.1-cp38-cp38-manylinux_2_17_aarch64.manylinux2014_aarch64.whl", hash = "sha256:4038019b1bcaadde726a57430718394076c5a21545ebc5badad2c045a09546cf"},
    {file = "python_snappy-0.6.1-cp38-cp38-manylinux_2_17_ppc64le.manylinux2014_ppc64le.whl", hash = "sha256:dc96668d9c7cc656609764275c5f8da58ef56d89bdd6810f6923d36497468ff7"},
    {file = "python_snappy-0.6.1-cp38-cp38-manylinux_2_17_s390x.manylinux2014_s390x.whl", hash = "sha256:cf5bb9254e1c38aacf253d510d3d9be631bba21f3d068b17672b38b5cbf2fff5"},
    {file = "python_snappy-0.6.1-cp38-cp38-win32.whl", hash = "sha256:eaf905a580f2747c4a474040a5063cd5e0cc3d1d2d6edb65f28196186493ad4a"},
    {file = "python_snappy-0.6.1-cp38-cp38-win_amd64.whl", hash = "sha256:546c1a7470ecbf6239101e9aff0f709b68ca0f0268b34d9023019a55baa1f7c6"},
    {file = "python_snappy-0.6.1-cp39-cp39-macosx_10_9_universal2.whl", hash = "sha256:e3a013895c64352b49d0d8e107a84f99631b16dbab156ded33ebf0becf56c8b2"},
    {file = "python_snappy-0.6.1-cp39-cp39-macosx_10_9_x86_64.whl", hash = "sha256:3fb9a88a4dd6336488f3de67ce75816d0d796dce53c2c6e4d70e0b565633c7fd"},
    {file = "python_snappy-0.6.1-cp39-cp39-manylinux_2_12_i686.manylinux2010_i686.whl", hash = "sha256:735cd4528c55dbe4516d6d2b403331a99fc304f8feded8ae887cf97b67d589bb"},
    {file = "python_snappy-0.6.1-cp39-cp39-manylinux_2_12_x86_64.manylinux2010_x86_64.whl", hash = "sha256:90b0186516b7a101c14764b0c25931b741fb0102f21253eff67847b4742dfc72"},
    {file = "python_snappy-0.6.1-cp39-cp39-manylinux_2_17_aarch64.manylinux2014_aarch64.whl", hash = "sha256:1a993dc8aadd901915a510fe6af5f20ae4256f527040066c22a154db8946751f"},
    {file = "python_snappy-0.6.1-cp39-cp39-manylinux_2_17_ppc64le.manylinux2014_ppc64le.whl", hash = "sha256:530bfb9efebcc1aab8bb4ebcbd92b54477eed11f6cf499355e882970a6d3aa7d"},
    {file = "python_snappy-0.6.1-cp39-cp39-manylinux_2_17_s390x.manylinux2014_s390x.whl", hash = "sha256:5843feb914796b1f0405ccf31ea0fb51034ceb65a7588edfd5a8250cb369e3b2"},
    {file = "python_snappy-0.6.1-cp39-cp39-win32.whl", hash = "sha256:66c80e9b366012dbee262bb1869e4fc5ba8786cda85928481528bc4a72ec2ee8"},
    {file = "python_snappy-0.6.1-cp39-cp39-win_amd64.whl", hash = "sha256:4d3cafdf454354a621c8ab7408e45aa4e9d5c0b943b61ff4815f71ca6bdf0130"},
    {file = "python_snappy-0.6.1-pp37-pypy37_pp73-manylinux_2_12_i686.manylinux2010_i686.whl", hash = "sha256:586724a0276d7a6083a17259d0b51622e492289a9998848a1b01b6441ca12b2f"},
    {file = "python_snappy-0.6.1-pp37-pypy37_pp73-manylinux_2_12_x86_64.manylinux2010_x86_64.whl", hash = "sha256:2be4f4550acd484912441f5f1209ba611ac399aac9355fee73611b9a0d4f949c"},
    {file = "python_snappy-0.6.1-pp37-pypy37_pp73-manylinux_2_17_aarch64.manylinux2014_aarch64.whl", hash = "sha256:0bdb6942180660bda7f7d01f4c0def3cfc72b1c6d99aad964801775a3e379aba"},
    {file = "python_snappy-0.6.1-pp37-pypy37_pp73-win_amd64.whl", hash = "sha256:03bb511380fca2a13325b6f16fe8234c8e12da9660f0258cd45d9a02ffc916af"},
]
rocksdb = []
setuptools = [
    {file = "setuptools-65.5.0-py3-none-any.whl", hash = "sha256:f62ea9da9ed6289bfe868cd6845968a2c854d1427f8548d52cae02a42b4f0356"},
    {file = "setuptools-65.5.0.tar.gz", hash = "sha256:512e5536220e38146176efb833d4a62aa726b7bbff82cfbc8ba9eaa3996e0b17"},
]
tomli = [
    {file = "tomli-2.0.1-py3-none-any.whl", hash = "sha256:939de3e7a6161af0c887ef91b7d41a53e7c5a1ca976325f429cb46ea9bc30ecc"},
    {file = "tomli-2.0.1.tar.gz", hash = "sha256:de526c12914f0c550d15924c62d72abc48d6fe7364aa87328337a31007fe8a4f"},
]
